<?xml version="1.0" encoding="utf-8"?>
<Project ToolsVersion="4.0" xmlns="http://schemas.microsoft.com/developer/msbuild/2003">
  <ItemGroup>
    <Filter Include="Headers">
      <UniqueIdentifier>{93995380-89BD-4b04-88EB-625FBE52EBFB}</UniqueIdentifier>
      <Extensions>h;hh;hpp;hxx;h++;hm;inl;inc;ipp;xsd</Extensions>
    </Filter>
    <Filter Include="Shaders">
      <UniqueIdentifier>{67DA6AB6-F800-4c08-8B7A-83BB121AAD01}</UniqueIdentifier>
      <Extensions>rc;ico;cur;bmp;dlg;rc2;rct;bin;rgs;gif;jpg;jpeg;jpe;resx;tiff;tif;png;wav;mfcribbon-ms</Extensions>
    </Filter>
    <Filter Include="Sources">
      <UniqueIdentifier>{4FC737F1-C7A5-4376-A066-2A32D752A2FF}</UniqueIdentifier>
      <Extensions>cpp;c;cc;cxx;c++;cppm;ixx;def;odl;idl;hpj;bat;asm;asmx</Extensions>
    </Filter>
    <Filter Include="Headers\common">
      <UniqueIdentifier>{46a737b8-2e0f-4fa0-9e90-07c710ecc057}</UniqueIdentifier>
    </Filter>
    <Filter Include="Headers\config">
      <UniqueIdentifier>{5cc98754-61da-4325-9270-62447eda8178}</UniqueIdentifier>
    </Filter>
    <Filter Include="Headers\core">
      <UniqueIdentifier>{5d15e133-63e4-46c3-aae8-03777984ce96}</UniqueIdentifier>
    </Filter>
    <Filter Include="Headers\graphics">
      <UniqueIdentifier>{61b47e86-25f7-4f55-8ed8-7154858013af}</UniqueIdentifier>
    </Filter>
    <Filter Include="Headers\importer">
      <UniqueIdentifier>{7e9e3ea1-3c7d-46d5-b025-f352f3c3bcfe}</UniqueIdentifier>
    </Filter>
    <Filter Include="Headers\io">
      <UniqueIdentifier>{3fae13c7-adf2-44a1-8ba1-c897e5c220e2}</UniqueIdentifier>
    </Filter>
    <Filter Include="Headers\math">
      <UniqueIdentifier>{6ef230f7-e388-4004-a709-cbd82a80231e}</UniqueIdentifier>
    </Filter>
    <Filter Include="Headers\physics">
      <UniqueIdentifier>{776a26c9-0648-4c9e-9887-6378765f3032}</UniqueIdentifier>
    </Filter>
    <Filter Include="Headers\renderer">
      <UniqueIdentifier>{772a058b-1353-4f02-bd07-d42b98aef801}</UniqueIdentifier>
    </Filter>
    <Filter Include="Headers\system">
      <UniqueIdentifier>{a102017d-8132-4a44-9dc2-dcbd1f025870}</UniqueIdentifier>
    </Filter>
    <Filter Include="Headers\utility">
      <UniqueIdentifier>{19cc41e5-94a8-40e5-9a02-979c4b8337ff}</UniqueIdentifier>
    </Filter>
    <Filter Include="Sources\common">
      <UniqueIdentifier>{b7a7dcd4-8c31-4603-888f-6c520d571f7c}</UniqueIdentifier>
    </Filter>
    <Filter Include="Sources\config">
      <UniqueIdentifier>{cfbe5ae7-6d23-49aa-bc4d-81dbac12fcbd}</UniqueIdentifier>
    </Filter>
    <Filter Include="Sources\core">
      <UniqueIdentifier>{e234a281-7fbe-4eb2-b3e3-5e95b8b77291}</UniqueIdentifier>
    </Filter>
    <Filter Include="Sources\graphics">
      <UniqueIdentifier>{8ca3d993-adf1-4abb-bcf0-0445ad66195c}</UniqueIdentifier>
    </Filter>
    <Filter Include="Sources\importer">
      <UniqueIdentifier>{e5cc5c61-755d-45ea-853c-dea290a842d1}</UniqueIdentifier>
    </Filter>
    <Filter Include="Sources\io">
      <UniqueIdentifier>{59e79e7a-ddb2-4aaa-8ab2-10c1072b4ad9}</UniqueIdentifier>
    </Filter>
    <Filter Include="Sources\math">
      <UniqueIdentifier>{ad9a6703-6a90-4770-bbc5-f10791e2d413}</UniqueIdentifier>
    </Filter>
    <Filter Include="Sources\physics">
      <UniqueIdentifier>{e51f2e27-df29-4710-bc9f-e8afae5559e9}</UniqueIdentifier>
    </Filter>
    <Filter Include="Sources\renderer">
      <UniqueIdentifier>{e90ba020-2760-467e-b338-e62540c64dfe}</UniqueIdentifier>
    </Filter>
    <Filter Include="Sources\system">
      <UniqueIdentifier>{220e1f4e-0402-4882-8e72-0ea1e6f7991d}</UniqueIdentifier>
    </Filter>
    <Filter Include="Sources\utility">
      <UniqueIdentifier>{f5cfa047-8933-417f-a729-663c6d0c9ffa}</UniqueIdentifier>
    </Filter>
  </ItemGroup>
  <ItemGroup>
    <ClInclude Include="shdr\gaussian_blur_pixel_shader.hpp">
      <Filter>Shaders</Filter>
    </ClInclude>
    <ClInclude Include="shdr\gaussian_blur_vertex_shader.hpp">
      <Filter>Shaders</Filter>
    </ClInclude>
    <ClInclude Include="shdr\particle_pixel_shader.hpp">
      <Filter>Shaders</Filter>
    </ClInclude>
    <ClInclude Include="shdr\particle_vertex_shader.hpp">
      <Filter>Shaders</Filter>
    </ClInclude>
    <ClInclude Include="shdr\skybox_pixel_shader.hpp">
      <Filter>Shaders</Filter>
    </ClInclude>
    <ClInclude Include="shdr\skybox_vertex_shader.hpp">
      <Filter>Shaders</Filter>
    </ClInclude>
    <ClInclude Include="shdr\sprite_pixel_shader.hpp">
      <Filter>Shaders</Filter>
    </ClInclude>
    <ClInclude Include="shdr\sprite_vertex_shader.hpp">
      <Filter>Shaders</Filter>
    </ClInclude>
    <ClInclude Include="shdr\static_mesh_pixel_shader.hpp">
      <Filter>Shaders</Filter>
    </ClInclude>
    <ClInclude Include="shdr\static_mesh_vertex_shader.hpp">
      <Filter>Shaders</Filter>
    </ClInclude>
    <ClInclude Include="shdr\dynamic_mesh_pixel_shader.hpp">
      <Filter>Shaders</Filter>
    </ClInclude>
    <ClInclude Include="shdr\dynamic_mesh_vertex_shader.hpp">
      <Filter>Shaders</Filter>
    </ClInclude>
    <ClInclude Include="shdr\frame_pixel_shader.hpp">
      <Filter>Shaders</Filter>
    </ClInclude>
    <ClInclude Include="shdr\frame_vertex_shader.hpp">
      <Filter>Shaders</Filter>
    </ClInclude>
    <ClInclude Include="inc\gk\common\string.hpp">
      <Filter>Headers\common</Filter>
    </ClInclude>
    <ClInclude Include="inc\gk\common\mesh_util.hpp">
      <Filter>Headers\common</Filter>
    </ClInclude>
    <ClInclude Include="inc\gk\config\config.hpp">
      <Filter>Headers\config</Filter>
    </ClInclude>
    <ClInclude Include="inc\gk\core\dynamic_mesh.hpp">
      <Filter>Headers\core</Filter>
    </ClInclude>
    <ClInclude Include="inc\gk\core\node.hpp">
      <Filter>Headers\core</Filter>
    </ClInclude>
    <ClInclude Include="inc\gk\core\skybox.hpp">
      <Filter>Headers\core</Filter>
    </ClInclude>
    <ClInclude Include="inc\gk\core\sprite.hpp">
      <Filter>Headers\core</Filter>
    </ClInclude>
    <ClInclude Include="inc\gk\core\static_mesh.hpp">
      <Filter>Headers\core</Filter>
    </ClInclude>
    <ClInclude Include="inc\gk\core\sun.hpp">
      <Filter>Headers\core</Filter>
    </ClInclude>
    <ClInclude Include="inc\gk\core\texture_manager.hpp">
      <Filter>Headers\core</Filter>
    </ClInclude>
    <ClInclude Include="inc\gk\core\view.hpp">
      <Filter>Headers\core</Filter>
    </ClInclude>
    <ClInclude Include="inc\gk\core\bone.hpp">
      <Filter>Headers\core</Filter>
    </ClInclude>
    <ClInclude Include="inc\gk\core\camera_2d.hpp">
      <Filter>Headers\core</Filter>
    </ClInclude>
    <ClInclude Include="inc\gk\core\camera_3d.hpp">
      <Filter>Headers\core</Filter>
    </ClInclude>
    <ClInclude Include="inc\gk\core\debug_draw_interface.hpp">
      <Filter>Headers\core</Filter>
    </ClInclude>
    <ClInclude Include="inc\gk\graphics\graphics.hpp">
      <Filter>Headers\graphics</Filter>
    </ClInclude>
    <ClInclude Include="inc\gk\graphics\mesh.hpp">
      <Filter>Headers\graphics</Filter>
    </ClInclude>
    <ClInclude Include="inc\gk\graphics\particle.hpp">
      <Filter>Headers\graphics</Filter>
    </ClInclude>
    <ClInclude Include="inc\gk\graphics\particle_array.hpp">
      <Filter>Headers\graphics</Filter>
    </ClInclude>
    <ClInclude Include="inc\gk\graphics\quad.hpp">
      <Filter>Headers\graphics</Filter>
    </ClInclude>
    <ClInclude Include="inc\gk\graphics\render_buffer.hpp">
      <Filter>Headers\graphics</Filter>
    </ClInclude>
    <ClInclude Include="inc\gk\graphics\shader.hpp">
      <Filter>Headers\graphics</Filter>
    </ClInclude>
    <ClInclude Include="inc\gk\graphics\texture.hpp">
      <Filter>Headers\graphics</Filter>
    </ClInclude>
    <ClInclude Include="inc\gk\graphics\vertex_array.hpp">
      <Filter>Headers\graphics</Filter>
    </ClInclude>
    <ClInclude Include="inc\gk\graphics\vertex_buffer.hpp">
      <Filter>Headers\graphics</Filter>
    </ClInclude>
    <ClInclude Include="inc\gk\graphics\cubemap.hpp">
      <Filter>Headers\graphics</Filter>
    </ClInclude>
    <ClInclude Include="inc\gk\graphics\framebuffer.hpp">
      <Filter>Headers\graphics</Filter>
    </ClInclude>
    <ClInclude Include="inc\gk\importer\mdl_format.hpp">
      <Filter>Headers\importer</Filter>
    </ClInclude>
    <ClInclude Include="inc\gk\importer\mdl_importer.hpp">
      <Filter>Headers\importer</Filter>
    </ClInclude>
    <ClInclude Include="inc\gk\importer\mesh_data.hpp">
      <Filter>Headers\importer</Filter>
    </ClInclude>
    <ClInclude Include="inc\gk\importer\tga_reader.hpp">
      <Filter>Headers\importer</Filter>
    </ClInclude>
    <ClInclude Include="inc\gk\importer\bitmap.hpp">
      <Filter>Headers\importer</Filter>
    </ClInclude>
    <ClInclude Include="inc\gk\importer\bmp_reader.hpp">
      <Filter>Headers\importer</Filter>
    </ClInclude>
    <ClInclude Include="inc\gk\importer\collada_format.hpp">
      <Filter>Headers\importer</Filter>
    </ClInclude>
    <ClInclude Include="inc\gk\importer\collada_importer.hpp">
      <Filter>Headers\importer</Filter>
    </ClInclude>
    <ClInclude Include="inc\gk\importer\collada_parser.hpp">
      <Filter>Headers\importer</Filter>
    </ClInclude>
    <ClInclude Include="inc\gk\io\xml.hpp">
      <Filter>Headers\io</Filter>
    </ClInclude>
    <ClInclude Include="inc\gk\io\file.hpp">
      <Filter>Headers\io</Filter>
    </ClInclude>
    <ClInclude Include="inc\gk\io\filesystem.hpp">
      <Filter>Headers\io</Filter>
    </ClInclude>
    <ClInclude Include="inc\gk\math\linear.hpp">
      <Filter>Headers\math</Filter>
    </ClInclude>
    <ClInclude Include="inc\gk\math\transform_2d.hpp">
      <Filter>Headers\math</Filter>
    </ClInclude>
    <ClInclude Include="inc\gk\math\transform_3d.hpp">
      <Filter>Headers\math</Filter>
    </ClInclude>
    <ClInclude Include="inc\gk\math\aabb.hpp">
      <Filter>Headers\math</Filter>
    </ClInclude>
    <ClInclude Include="inc\gk\math\frustum.hpp">
      <Filter>Headers\math</Filter>
    </ClInclude>
    <ClInclude Include="inc\gk\renderer\particle_renderer_3d.hpp">
      <Filter>Headers\renderer</Filter>
    </ClInclude>
    <ClInclude Include="inc\gk\renderer\skybox_renderer.hpp">
      <Filter>Headers\renderer</Filter>
    </ClInclude>
    <ClInclude Include="inc\gk\renderer\sprite_renderer.hpp">
      <Filter>Headers\renderer</Filter>
    </ClInclude>
    <ClInclude Include="inc\gk\renderer\static_mesh_renderer.hpp">
      <Filter>Headers\renderer</Filter>
    </ClInclude>
    <ClInclude Include="inc\gk\renderer\blur_shader.hpp">
      <Filter>Headers\renderer</Filter>
    </ClInclude>
    <ClInclude Include="inc\gk\renderer\debug_drawer.hpp">
      <Filter>Headers\renderer</Filter>
    </ClInclude>
    <ClInclude Include="inc\gk\renderer\dynamic_mesh_renderer.hpp">
      <Filter>Headers\renderer</Filter>
    </ClInclude>
    <ClInclude Include="inc\gk\renderer\frame_renderer.hpp">
      <Filter>Headers\renderer</Filter>
    </ClInclude>
    <ClInclude Include="inc\gk\system\context.hpp">
      <Filter>Headers\system</Filter>
    </ClInclude>
    <ClInclude Include="inc\gk\system\data_types.hpp">
      <Filter>Headers\system</Filter>
    </ClInclude>
    <ClInclude Include="inc\gk\system\clock.hpp">
      <Filter>Headers\system</Filter>
    </ClInclude>
    <ClInclude Include="inc\gk\utility\random.hpp">
      <Filter>Headers\utility</Filter>
    </ClInclude>
    <ClInclude Include="inc\gk\utility\string_buffer.hpp">
      <Filter>Headers\utility</Filter>
    </ClInclude>
  </ItemGroup>
  <ItemGroup>
    <None Include=".gitattributes" />
    <None Include=".gitignore" />
    <None Include="makefile.osx" />
    <None Include="makefile.win" />
  </ItemGroup>
  <ItemGroup>
    <Text Include="Todo.txt" />
  </ItemGroup>
  <ItemGroup>
    <ClCompile Include="src\common\mesh_util.cpp">
      <Filter>Sources\common</Filter>
    </ClCompile>
    <ClCompile Include="src\core\bone.cpp">
      <Filter>Sources\core</Filter>
    </ClCompile>
    <ClCompile Include="src\core\camera_2d.cpp">
      <Filter>Sources\core</Filter>
    </ClCompile>
    <ClCompile Include="src\core\camera_3d.cpp">
      <Filter>Sources\core</Filter>
    </ClCompile>
    <ClCompile Include="src\core\debug_draw_interface.cpp">
      <Filter>Sources\core</Filter>
    </ClCompile>
    <ClCompile Include="src\core\dynamic_mesh.cpp">
      <Filter>Sources\core</Filter>
    </ClCompile>
    <ClCompile Include="src\core\node.cpp">
      <Filter>Sources\core</Filter>
    </ClCompile>
    <ClCompile Include="src\core\skybox.cpp">
      <Filter>Sources\core</Filter>
    </ClCompile>
    <ClCompile Include="src\core\sprite.cpp">
      <Filter>Sources\core</Filter>
    </ClCompile>
    <ClCompile Include="src\core\static_mesh.cpp">
      <Filter>Sources\core</Filter>
    </ClCompile>
    <ClCompile Include="src\core\sun.cpp">
      <Filter>Sources\core</Filter>
    </ClCompile>
    <ClCompile Include="src\core\texture_manager.cpp">
      <Filter>Sources\core</Filter>
    </ClCompile>
    <ClCompile Include="src\core\view.cpp">
      <Filter>Sources\core</Filter>
    </ClCompile>
    <ClCompile Include="src\graphics\render_buffer.cpp">
      <Filter>Sources\graphics</Filter>
    </ClCompile>
    <ClCompile Include="src\graphics\shader.cpp">
      <Filter>Sources\graphics</Filter>
    </ClCompile>
    <ClCompile Include="src\graphics\texture.cpp">
      <Filter>Sources\graphics</Filter>
    </ClCompile>
    <ClCompile Include="src\graphics\vertex_array.cpp">
      <Filter>Sources\graphics</Filter>
    </ClCompile>
    <ClCompile Include="src\graphics\vertex_buffer.cpp">
      <Filter>Sources\graphics</Filter>
    </ClCompile>
    <ClCompile Include="src\graphics\cubemap.cpp">
      <Filter>Sources\graphics</Filter>
    </ClCompile>
    <ClCompile Include="src\graphics\framebuffer.cpp">
      <Filter>Sources\graphics</Filter>
    </ClCompile>
    <ClCompile Include="src\graphics\graphics.cpp">
      <Filter>Sources\graphics</Filter>
    </ClCompile>
    <ClCompile Include="src\graphics\mesh.cpp">
      <Filter>Sources\graphics</Filter>
    </ClCompile>
    <ClCompile Include="src\graphics\particle_array.cpp">
      <Filter>Sources\graphics</Filter>
    </ClCompile>
    <ClCompile Include="src\graphics\quad.cpp">
      <Filter>Sources\graphics</Filter>
    </ClCompile>
    <ClCompile Include="src\importer\collada_importer.cpp">
      <Filter>Sources\importer</Filter>
    </ClCompile>
    <ClCompile Include="src\importer\collada_parser.cpp">
      <Filter>Sources\importer</Filter>
    </ClCompile>
    <ClCompile Include="src\importer\mdl_importer.cpp">
      <Filter>Sources\importer</Filter>
    </ClCompile>
    <ClCompile Include="src\importer\mesh_data.cpp">
      <Filter>Sources\importer</Filter>
    </ClCompile>
    <ClCompile Include="src\importer\tga_reader.cpp">
      <Filter>Sources\importer</Filter>
    </ClCompile>
    <ClCompile Include="src\importer\bitmap.cpp">
      <Filter>Sources\importer</Filter>
    </ClCompile>
    <ClCompile Include="src\importer\bmp_reader.cpp">
      <Filter>Sources\importer</Filter>
    </ClCompile>
    <ClCompile Include="src\importer\collada_format.cpp">
      <Filter>Sources\importer</Filter>
    </ClCompile>
    <ClCompile Include="src\io\filesystem.cpp">
      <Filter>Sources\io</Filter>
    </ClCompile>
    <ClCompile Include="src\io\xml.cpp">
      <Filter>Sources\io</Filter>
    </ClCompile>
    <ClCompile Include="src\io\file.cpp">
      <Filter>Sources\io</Filter>
    </ClCompile>
    <ClCompile Include="src\math\transform_2d.cpp">
      <Filter>Sources\math</Filter>
    </ClCompile>
    <ClCompile Include="src\math\transform_3d.cpp">
      <Filter>Sources\math</Filter>
    </ClCompile>
    <ClCompile Include="src\math\frustum.cpp">
      <Filter>Sources\math</Filter>
    </ClCompile>
    <ClCompile Include="src\math\linear.cpp">
      <Filter>Sources\math</Filter>
    </ClCompile>
    <ClCompile Include="src\renderer\dynamic_mesh_renderer.cpp">
      <Filter>Sources\renderer</Filter>
    </ClCompile>
    <ClCompile Include="src\renderer\frame_renderer.cpp">
      <Filter>Sources\renderer</Filter>
    </ClCompile>
    <ClCompile Include="src\renderer\particle_renderer_3d.cpp">
      <Filter>Sources\renderer</Filter>
    </ClCompile>
    <ClCompile Include="src\renderer\skybox_renderer.cpp">
      <Filter>Sources\renderer</Filter>
    </ClCompile>
    <ClCompile Include="src\renderer\sprite_renderer.cpp">
      <Filter>Sources\renderer</Filter>
    </ClCompile>
    <ClCompile Include="src\renderer\static_mesh_renderer.cpp">
      <Filter>Sources\renderer</Filter>
    </ClCompile>
    <ClCompile Include="src\renderer\blur_shader.cpp">
      <Filter>Sources\renderer</Filter>
    </ClCompile>
    <ClCompile Include="src\renderer\debug_drawer.cpp">
      <Filter>Sources\renderer</Filter>
    </ClCompile>
    <ClCompile Include="src\system\context.cpp">
      <Filter>Sources\system</Filter>
    </ClCompile>
    <ClCompile Include="src\system\clock.cpp">
      <Filter>Sources\system</Filter>
    </ClCompile>
    <ClCompile Include="src\utility\string_buffer.cpp">
      <Filter>Sources\utility</Filter>
    </ClCompile>
    <ClCompile Include="src\utility\random.cpp">
      <Filter>Sources\utility</Filter>
    </ClCompile>
  </ItemGroup>
</Project>