<?xml version="1.0" encoding="utf-8"?>
<Project ToolsVersion="4.0" xmlns="http://schemas.microsoft.com/developer/msbuild/2003">
  <ItemGroup>
    <Filter Include="Headers">
      <UniqueIdentifier>{93995380-89BD-4b04-88EB-625FBE52EBFB}</UniqueIdentifier>
      <Extensions>h;hh;hpp;hxx;h++;hm;inl;inc;ipp;xsd</Extensions>
    </Filter>
    <Filter Include="Shaders">
      <UniqueIdentifier>{67DA6AB6-F800-4c08-8B7A-83BB121AAD01}</UniqueIdentifier>
      <Extensions>rc;ico;cur;bmp;dlg;rc2;rct;bin;rgs;gif;jpg;jpeg;jpe;resx;tiff;tif;png;wav;mfcribbon-ms</Extensions>
    </Filter>
    <Filter Include="Sources">
      <UniqueIdentifier>{4FC737F1-C7A5-4376-A066-2A32D752A2FF}</UniqueIdentifier>
      <Extensions>cpp;c;cc;cxx;c++;cppm;ixx;def;odl;idl;hpj;bat;asm;asmx</Extensions>
    </Filter>
  </ItemGroup>
  <ItemGroup>
    <ClInclude Include="shdr\gaussian_blur_pixel_shader.hpp">
      <Filter>Shaders</Filter>
    </ClInclude>
    <ClInclude Include="shdr\gaussian_blur_vertex_shader.hpp">
      <Filter>Shaders</Filter>
    </ClInclude>
    <ClInclude Include="shdr\particle_pixel_shader.hpp">
      <Filter>Shaders</Filter>
    </ClInclude>
    <ClInclude Include="shdr\particle_vertex_shader.hpp">
      <Filter>Shaders</Filter>
    </ClInclude>
    <ClInclude Include="shdr\skybox_pixel_shader.hpp">
      <Filter>Shaders</Filter>
    </ClInclude>
    <ClInclude Include="shdr\skybox_vertex_shader.hpp">
      <Filter>Shaders</Filter>
    </ClInclude>
    <ClInclude Include="shdr\sprite_pixel_shader.hpp">
      <Filter>Shaders</Filter>
    </ClInclude>
    <ClInclude Include="shdr\sprite_vertex_shader.hpp">
      <Filter>Shaders</Filter>
    </ClInclude>
    <ClInclude Include="shdr\static_mesh_pixel_shader.hpp">
      <Filter>Shaders</Filter>
    </ClInclude>
    <ClInclude Include="shdr\static_mesh_vertex_shader.hpp">
      <Filter>Shaders</Filter>
    </ClInclude>
    <ClInclude Include="shdr\dynamic_mesh_pixel_shader.hpp">
      <Filter>Shaders</Filter>
    </ClInclude>
    <ClInclude Include="shdr\dynamic_mesh_vertex_shader.hpp">
      <Filter>Shaders</Filter>
    </ClInclude>
    <ClInclude Include="shdr\frame_pixel_shader.hpp">
      <Filter>Shaders</Filter>
    </ClInclude>
    <ClInclude Include="shdr\frame_vertex_shader.hpp">
      <Filter>Shaders</Filter>
    </ClInclude>
    <ClInclude Include="inc\gk\clock.hpp">
      <Filter>Headers</Filter>
    </ClInclude>
    <ClInclude Include="inc\gk\collada_format.hpp">
      <Filter>Headers</Filter>
    </ClInclude>
    <ClInclude Include="inc\gk\collada_importer.hpp">
      <Filter>Headers</Filter>
    </ClInclude>
    <ClInclude Include="inc\gk\collada_parser.hpp">
      <Filter>Headers</Filter>
    </ClInclude>
    <ClInclude Include="inc\gk\config.hpp">
      <Filter>Headers</Filter>
    </ClInclude>
    <ClInclude Include="inc\gk\context.hpp">
      <Filter>Headers</Filter>
    </ClInclude>
    <ClInclude Include="inc\gk\cubemap.hpp">
      <Filter>Headers</Filter>
    </ClInclude>
    <ClInclude Include="inc\gk\data_types.hpp">
      <Filter>Headers</Filter>
    </ClInclude>
    <ClInclude Include="inc\gk\debug_draw_interface.hpp">
      <Filter>Headers</Filter>
    </ClInclude>
    <ClInclude Include="inc\gk\debug_drawer.hpp">
      <Filter>Headers</Filter>
    </ClInclude>
    <ClInclude Include="inc\gk\dynamic_mesh.hpp">
      <Filter>Headers</Filter>
    </ClInclude>
    <ClInclude Include="inc\gk\dynamic_mesh_renderer.hpp">
      <Filter>Headers</Filter>
    </ClInclude>
    <ClInclude Include="inc\gk\file.hpp">
      <Filter>Headers</Filter>
    </ClInclude>
    <ClInclude Include="inc\gk\filesystem.hpp">
      <Filter>Headers</Filter>
    </ClInclude>
    <ClInclude Include="inc\gk\frame_renderer.hpp">
      <Filter>Headers</Filter>
    </ClInclude>
    <ClInclude Include="inc\gk\framebuffer.hpp">
      <Filter>Headers</Filter>
    </ClInclude>
    <ClInclude Include="inc\gk\frustum.hpp">
      <Filter>Headers</Filter>
    </ClInclude>
    <ClInclude Include="inc\gk\graphics.hpp">
      <Filter>Headers</Filter>
    </ClInclude>
    <ClInclude Include="inc\gk\matrix.hpp">
      <Filter>Headers</Filter>
    </ClInclude>
    <ClInclude Include="inc\gk\mdl_format.hpp">
      <Filter>Headers</Filter>
    </ClInclude>
    <ClInclude Include="inc\gk\mdl_importer.hpp">
      <Filter>Headers</Filter>
    </ClInclude>
    <ClInclude Include="inc\gk\mesh.hpp">
      <Filter>Headers</Filter>
    </ClInclude>
    <ClInclude Include="inc\gk\mesh_data.hpp">
      <Filter>Headers</Filter>
    </ClInclude>
    <ClInclude Include="inc\gk\mesh_util.hpp">
      <Filter>Headers</Filter>
    </ClInclude>
    <ClInclude Include="inc\gk\node.hpp">
      <Filter>Headers</Filter>
    </ClInclude>
    <ClInclude Include="inc\gk\particle.hpp">
      <Filter>Headers</Filter>
    </ClInclude>
    <ClInclude Include="inc\gk\particle_array.hpp">
      <Filter>Headers</Filter>
    </ClInclude>
    <ClInclude Include="inc\gk\particle_renderer_3d.hpp">
      <Filter>Headers</Filter>
    </ClInclude>
    <ClInclude Include="inc\gk\quad.hpp">
      <Filter>Headers</Filter>
    </ClInclude>
    <ClInclude Include="inc\gk\random.hpp">
      <Filter>Headers</Filter>
    </ClInclude>
    <ClInclude Include="inc\gk\render_buffer.hpp">
      <Filter>Headers</Filter>
    </ClInclude>
    <ClInclude Include="inc\gk\shader.hpp">
      <Filter>Headers</Filter>
    </ClInclude>
    <ClInclude Include="inc\gk\skybox.hpp">
      <Filter>Headers</Filter>
    </ClInclude>
    <ClInclude Include="inc\gk\skybox_renderer.hpp">
      <Filter>Headers</Filter>
    </ClInclude>
    <ClInclude Include="inc\gk\sprite.hpp">
      <Filter>Headers</Filter>
    </ClInclude>
    <ClInclude Include="inc\gk\sprite_renderer.hpp">
      <Filter>Headers</Filter>
    </ClInclude>
    <ClInclude Include="inc\gk\static_mesh.hpp">
      <Filter>Headers</Filter>
    </ClInclude>
    <ClInclude Include="inc\gk\static_mesh_renderer.hpp">
      <Filter>Headers</Filter>
    </ClInclude>
    <ClInclude Include="inc\gk\string.hpp">
      <Filter>Headers</Filter>
    </ClInclude>
    <ClInclude Include="inc\gk\string_buffer.hpp">
      <Filter>Headers</Filter>
    </ClInclude>
    <ClInclude Include="inc\gk\sun.hpp">
      <Filter>Headers</Filter>
    </ClInclude>
    <ClInclude Include="inc\gk\texture.hpp">
      <Filter>Headers</Filter>
    </ClInclude>
    <ClInclude Include="inc\gk\texture_manager.hpp">
      <Filter>Headers</Filter>
    </ClInclude>
    <ClInclude Include="inc\gk\tga_reader.hpp">
      <Filter>Headers</Filter>
    </ClInclude>
    <ClInclude Include="inc\gk\transform_2d.hpp">
      <Filter>Headers</Filter>
    </ClInclude>
    <ClInclude Include="inc\gk\transform_3d.hpp">
      <Filter>Headers</Filter>
    </ClInclude>
    <ClInclude Include="inc\gk\vertex_array.hpp">
      <Filter>Headers</Filter>
    </ClInclude>
    <ClInclude Include="inc\gk\vertex_buffer.hpp">
      <Filter>Headers</Filter>
    </ClInclude>
    <ClInclude Include="inc\gk\view.hpp">
      <Filter>Headers</Filter>
    </ClInclude>
    <ClInclude Include="inc\gk\view_frustum.hpp">
      <Filter>Headers</Filter>
    </ClInclude>
    <ClInclude Include="inc\gk\xml.hpp">
      <Filter>Headers</Filter>
    </ClInclude>
    <ClInclude Include="inc\gk\aabb_collider.hpp">
      <Filter>Headers</Filter>
    </ClInclude>
    <ClInclude Include="inc\gk\bitmap.hpp">
      <Filter>Headers</Filter>
    </ClInclude>
    <ClInclude Include="inc\gk\blur_shader.hpp">
      <Filter>Headers</Filter>
    </ClInclude>
    <ClInclude Include="inc\gk\bmp_reader.hpp">
      <Filter>Headers</Filter>
    </ClInclude>
    <ClInclude Include="inc\gk\bone.hpp">
      <Filter>Headers</Filter>
    </ClInclude>
    <ClInclude Include="inc\gk\camera_2d.hpp">
      <Filter>Headers</Filter>
    </ClInclude>
    <ClInclude Include="inc\gk\camera_3d.hpp">
      <Filter>Headers</Filter>
    </ClInclude>
  </ItemGroup>
  <ItemGroup>
    <None Include=".gitattributes" />
    <None Include=".gitignore" />
    <None Include="makefile.osx" />
    <None Include="makefile.win" />
  </ItemGroup>
  <ItemGroup>
    <Text Include="Todo.txt" />
  </ItemGroup>
  <ItemGroup>
    <ClCompile Include="src\collada_format.cpp">
      <Filter>Sources</Filter>
    </ClCompile>
    <ClCompile Include="src\collada_importer.cpp">
      <Filter>Sources</Filter>
    </ClCompile>
    <ClCompile Include="src\collada_parser.cpp">
      <Filter>Sources</Filter>
    </ClCompile>
    <ClCompile Include="src\context.cpp">
      <Filter>Sources</Filter>
    </ClCompile>
    <ClCompile Include="src\cubemap.cpp">
      <Filter>Sources</Filter>
    </ClCompile>
    <ClCompile Include="src\debug_draw_interface.cpp">
      <Filter>Sources</Filter>
    </ClCompile>
    <ClCompile Include="src\debug_drawer.cpp">
      <Filter>Sources</Filter>
    </ClCompile>
    <ClCompile Include="src\dynamic_mesh.cpp">
      <Filter>Sources</Filter>
    </ClCompile>
    <ClCompile Include="src\dynamic_mesh_renderer.cpp">
      <Filter>Sources</Filter>
    </ClCompile>
    <ClCompile Include="src\file.cpp">
      <Filter>Sources</Filter>
    </ClCompile>
    <ClCompile Include="src\filesystem.cpp">
      <Filter>Sources</Filter>
    </ClCompile>
    <ClCompile Include="src\frame_renderer.cpp">
      <Filter>Sources</Filter>
    </ClCompile>
    <ClCompile Include="src\framebuffer.cpp">
      <Filter>Sources</Filter>
    </ClCompile>
    <ClCompile Include="src\frustum.cpp">
      <Filter>Sources</Filter>
    </ClCompile>
    <ClCompile Include="src\graphics.cpp">
      <Filter>Sources</Filter>
    </ClCompile>
    <ClCompile Include="src\matrix.cpp">
      <Filter>Sources</Filter>
    </ClCompile>
    <ClCompile Include="src\mdl_importer.cpp">
      <Filter>Sources</Filter>
    </ClCompile>
    <ClCompile Include="src\mesh.cpp">
      <Filter>Sources</Filter>
    </ClCompile>
    <ClCompile Include="src\mesh_data.cpp">
      <Filter>Sources</Filter>
    </ClCompile>
    <ClCompile Include="src\mesh_util.cpp">
      <Filter>Sources</Filter>
    </ClCompile>
    <ClCompile Include="src\node.cpp">
      <Filter>Sources</Filter>
    </ClCompile>
    <ClCompile Include="src\particle_array.cpp">
      <Filter>Sources</Filter>
    </ClCompile>
    <ClCompile Include="src\particle_renderer_3d.cpp">
      <Filter>Sources</Filter>
    </ClCompile>
    <ClCompile Include="src\quad.cpp">
      <Filter>Sources</Filter>
    </ClCompile>
    <ClCompile Include="src\random.cpp">
      <Filter>Sources</Filter>
    </ClCompile>
    <ClCompile Include="src\render_buffer.cpp">
      <Filter>Sources</Filter>
    </ClCompile>
    <ClCompile Include="src\shader.cpp">
      <Filter>Sources</Filter>
    </ClCompile>
    <ClCompile Include="src\skybox.cpp">
      <Filter>Sources</Filter>
    </ClCompile>
    <ClCompile Include="src\skybox_renderer.cpp">
      <Filter>Sources</Filter>
    </ClCompile>
    <ClCompile Include="src\sprite.cpp">
      <Filter>Sources</Filter>
    </ClCompile>
    <ClCompile Include="src\sprite_renderer.cpp">
      <Filter>Sources</Filter>
    </ClCompile>
    <ClCompile Include="src\static_mesh.cpp">
      <Filter>Sources</Filter>
    </ClCompile>
    <ClCompile Include="src\static_mesh_renderer.cpp">
      <Filter>Sources</Filter>
    </ClCompile>
    <ClCompile Include="src\string_buffer.cpp">
      <Filter>Sources</Filter>
    </ClCompile>
    <ClCompile Include="src\sun.cpp">
      <Filter>Sources</Filter>
    </ClCompile>
    <ClCompile Include="src\texture.cpp">
      <Filter>Sources</Filter>
    </ClCompile>
    <ClCompile Include="src\texture_manager.cpp">
      <Filter>Sources</Filter>
    </ClCompile>
    <ClCompile Include="src\tga_reader.cpp">
      <Filter>Sources</Filter>
    </ClCompile>
    <ClCompile Include="src\transform_2d.cpp">
      <Filter>Sources</Filter>
    </ClCompile>
    <ClCompile Include="src\transform_3d.cpp">
      <Filter>Sources</Filter>
    </ClCompile>
    <ClCompile Include="src\vertex_array.cpp">
      <Filter>Sources</Filter>
    </ClCompile>
    <ClCompile Include="src\vertex_buffer.cpp">
      <Filter>Sources</Filter>
    </ClCompile>
    <ClCompile Include="src\view.cpp">
      <Filter>Sources</Filter>
    </ClCompile>
    <ClCompile Include="src\view_frustum.cpp">
      <Filter>Sources</Filter>
    </ClCompile>
    <ClCompile Include="src\xml.cpp">
      <Filter>Sources</Filter>
    </ClCompile>
    <ClCompile Include="src\bitmap.cpp">
      <Filter>Sources</Filter>
    </ClCompile>
    <ClCompile Include="src\blur_shader.cpp">
      <Filter>Sources</Filter>
    </ClCompile>
    <ClCompile Include="src\bmp_reader.cpp">
      <Filter>Sources</Filter>
    </ClCompile>
    <ClCompile Include="src\bone.cpp">
      <Filter>Sources</Filter>
    </ClCompile>
    <ClCompile Include="src\camera_2d.cpp">
      <Filter>Sources</Filter>
    </ClCompile>
    <ClCompile Include="src\camera_3d.cpp">
      <Filter>Sources</Filter>
    </ClCompile>
    <ClCompile Include="src\clock.cpp">
      <Filter>Sources</Filter>
    </ClCompile>
  </ItemGroup>
</Project>