// !$*UTF8*$!
{
	archiveVersion = 1;
	classes = {
	};
	objectVersion = 50;
	objects = {

/* Begin PBXBuildFile section */
		41BBE9E72597BBD300CF68C5 /* bone.cpp in Sources */ = {isa = PBXBuildFile; fileRef = 41BBE9B52597BBD100CF68C5 /* bone.cpp */; };
		41BBE9E82597BBD300CF68C5 /* texture_manager.cpp in Sources */ = {isa = PBXBuildFile; fileRef = 41BBE9B62597BBD100CF68C5 /* texture_manager.cpp */; };
		41BBE9E92597BBD300CF68C5 /* filesystem.cpp in Sources */ = {isa = PBXBuildFile; fileRef = 41BBE9B72597BBD100CF68C5 /* filesystem.cpp */; };
		41BBE9EA2597BBD300CF68C5 /* skybox.cpp in Sources */ = {isa = PBXBuildFile; fileRef = 41BBE9B82597BBD100CF68C5 /* skybox.cpp */; };
		41BBE9EB2597BBD300CF68C5 /* camera_2d.cpp in Sources */ = {isa = PBXBuildFile; fileRef = 41BBE9B92597BBD100CF68C5 /* camera_2d.cpp */; };
		41BBE9EC2597BBD300CF68C5 /* file.cpp in Sources */ = {isa = PBXBuildFile; fileRef = 41BBE9BA2597BBD100CF68C5 /* file.cpp */; };
		41BBE9ED2597BBD300CF68C5 /* vertex_array.cpp in Sources */ = {isa = PBXBuildFile; fileRef = 41BBE9BB2597BBD100CF68C5 /* vertex_array.cpp */; };
		41BBE9EE2597BBD300CF68C5 /* texture.cpp in Sources */ = {isa = PBXBuildFile; fileRef = 41BBE9BC2597BBD100CF68C5 /* texture.cpp */; };
		41BBE9EF2597BBD300CF68C5 /* frame_renderer.cpp in Sources */ = {isa = PBXBuildFile; fileRef = 41BBE9BD2597BBD100CF68C5 /* frame_renderer.cpp */; };
		41BBE9F02597BBD300CF68C5 /* sprite_renderer.cpp in Sources */ = {isa = PBXBuildFile; fileRef = 41BBE9BE2597BBD100CF68C5 /* sprite_renderer.cpp */; };
		41BBE9F12597BBD300CF68C5 /* vertex_buffer.cpp in Sources */ = {isa = PBXBuildFile; fileRef = 41BBE9BF2597BBD100CF68C5 /* vertex_buffer.cpp */; };
		41BBE9F22597BBD300CF68C5 /* collada_importer.cpp in Sources */ = {isa = PBXBuildFile; fileRef = 41BBE9C02597BBD100CF68C5 /* collada_importer.cpp */; };
		41BBE9F32597BBD300CF68C5 /* mesh.cpp in Sources */ = {isa = PBXBuildFile; fileRef = 41BBE9C12597BBD100CF68C5 /* mesh.cpp */; };
		41BBE9F42597BBD300CF68C5 /* sun.cpp in Sources */ = {isa = PBXBuildFile; fileRef = 41BBE9C22597BBD100CF68C5 /* sun.cpp */; };
		41BBE9F52597BBD300CF68C5 /* transform_3d.cpp in Sources */ = {isa = PBXBuildFile; fileRef = 41BBE9C32597BBD100CF68C5 /* transform_3d.cpp */; };
		41BBE9F62597BBD300CF68C5 /* frustum.cpp in Sources */ = {isa = PBXBuildFile; fileRef = 41BBE9C42597BBD100CF68C5 /* frustum.cpp */; };
		41BBE9F72597BBD300CF68C5 /* collada_format.cpp in Sources */ = {isa = PBXBuildFile; fileRef = 41BBE9C52597BBD100CF68C5 /* collada_format.cpp */; };
		41BBE9F82597BBD300CF68C5 /* transform_2d.cpp in Sources */ = {isa = PBXBuildFile; fileRef = 41BBE9C62597BBD100CF68C5 /* transform_2d.cpp */; };
		41BBE9F92597BBD300CF68C5 /* sprite.cpp in Sources */ = {isa = PBXBuildFile; fileRef = 41BBE9C72597BBD100CF68C5 /* sprite.cpp */; };
		41BBE9FA2597BBD300CF68C5 /* node.cpp in Sources */ = {isa = PBXBuildFile; fileRef = 41BBE9C82597BBD100CF68C5 /* node.cpp */; };
		41BBE9FB2597BBD300CF68C5 /* xml.cpp in Sources */ = {isa = PBXBuildFile; fileRef = 41BBE9C92597BBD200CF68C5 /* xml.cpp */; };
		41BBE9FC2597BBD300CF68C5 /* debug_draw_interface.cpp in Sources */ = {isa = PBXBuildFile; fileRef = 41BBE9CA2597BBD200CF68C5 /* debug_draw_interface.cpp */; };
		41BBE9FD2597BBD300CF68C5 /* matrix.cpp in Sources */ = {isa = PBXBuildFile; fileRef = 41BBE9CB2597BBD200CF68C5 /* matrix.cpp */; };
		41BBE9FE2597BBD300CF68C5 /* collada_parser.cpp in Sources */ = {isa = PBXBuildFile; fileRef = 41BBE9CC2597BBD200CF68C5 /* collada_parser.cpp */; };
		41BBE9FF2597BBD300CF68C5 /* debug_drawer.cpp in Sources */ = {isa = PBXBuildFile; fileRef = 41BBE9CD2597BBD200CF68C5 /* debug_drawer.cpp */; };
		41BBEA002597BBD300CF68C5 /* shader.cpp in Sources */ = {isa = PBXBuildFile; fileRef = 41BBE9CE2597BBD200CF68C5 /* shader.cpp */; };
		41BBEA012597BBD300CF68C5 /* bmp_reader.cpp in Sources */ = {isa = PBXBuildFile; fileRef = 41BBE9CF2597BBD200CF68C5 /* bmp_reader.cpp */; };
		41BBEA022597BBD300CF68C5 /* camera_3d.cpp in Sources */ = {isa = PBXBuildFile; fileRef = 41BBE9D02597BBD200CF68C5 /* camera_3d.cpp */; };
		41BBEA032597BBD300CF68C5 /* view.cpp in Sources */ = {isa = PBXBuildFile; fileRef = 41BBE9D12597BBD200CF68C5 /* view.cpp */; };
		41BBEA042597BBD300CF68C5 /* framebuffer.cpp in Sources */ = {isa = PBXBuildFile; fileRef = 41BBE9D22597BBD200CF68C5 /* framebuffer.cpp */; };
		41BBEA052597BBD300CF68C5 /* particle_renderer_3d.cpp in Sources */ = {isa = PBXBuildFile; fileRef = 41BBE9D32597BBD200CF68C5 /* particle_renderer_3d.cpp */; };
		41BBEA062597BBD300CF68C5 /* bitmap.cpp in Sources */ = {isa = PBXBuildFile; fileRef = 41BBE9D42597BBD200CF68C5 /* bitmap.cpp */; };
		41BBEA072597BBD300CF68C5 /* static_mesh_renderer.cpp in Sources */ = {isa = PBXBuildFile; fileRef = 41BBE9D52597BBD200CF68C5 /* static_mesh_renderer.cpp */; };
		41BBEA082597BBD300CF68C5 /* static_mesh.cpp in Sources */ = {isa = PBXBuildFile; fileRef = 41BBE9D62597BBD200CF68C5 /* static_mesh.cpp */; };
		41BBEA092597BBD300CF68C5 /* tga_reader.cpp in Sources */ = {isa = PBXBuildFile; fileRef = 41BBE9D72597BBD200CF68C5 /* tga_reader.cpp */; };
		41BBEA0A2597BBD300CF68C5 /* dynamic_mesh.cpp in Sources */ = {isa = PBXBuildFile; fileRef = 41BBE9D82597BBD200CF68C5 /* dynamic_mesh.cpp */; };
		41BBEA0B2597BBD300CF68C5 /* string_buffer.cpp in Sources */ = {isa = PBXBuildFile; fileRef = 41BBE9D92597BBD200CF68C5 /* string_buffer.cpp */; };
		41BBEA0C2597BBD300CF68C5 /* mesh_util.cpp in Sources */ = {isa = PBXBuildFile; fileRef = 41BBE9DA2597BBD300CF68C5 /* mesh_util.cpp */; };
		41BBEA0D2597BBD300CF68C5 /* random.cpp in Sources */ = {isa = PBXBuildFile; fileRef = 41BBE9DB2597BBD300CF68C5 /* random.cpp */; };
		41BBEA0E2597BBD300CF68C5 /* mdl_importer.cpp in Sources */ = {isa = PBXBuildFile; fileRef = 41BBE9DC2597BBD300CF68C5 /* mdl_importer.cpp */; };
		41BBEA0F2597BBD300CF68C5 /* skybox_renderer.cpp in Sources */ = {isa = PBXBuildFile; fileRef = 41BBE9DD2597BBD300CF68C5 /* skybox_renderer.cpp */; };
		41BBEA102597BBD300CF68C5 /* particle_array.cpp in Sources */ = {isa = PBXBuildFile; fileRef = 41BBE9DE2597BBD300CF68C5 /* particle_array.cpp */; };
		41BBEA112597BBD300CF68C5 /* render_buffer.cpp in Sources */ = {isa = PBXBuildFile; fileRef = 41BBE9DF2597BBD300CF68C5 /* render_buffer.cpp */; };
		41BBEA122597BBD300CF68C5 /* blur_shader.cpp in Sources */ = {isa = PBXBuildFile; fileRef = 41BBE9E02597BBD300CF68C5 /* blur_shader.cpp */; };
		41BBEA132597BBD300CF68C5 /* dynamic_mesh_renderer.cpp in Sources */ = {isa = PBXBuildFile; fileRef = 41BBE9E12597BBD300CF68C5 /* dynamic_mesh_renderer.cpp */; };
		41BBEA142597BBD300CF68C5 /* mesh_data.cpp in Sources */ = {isa = PBXBuildFile; fileRef = 41BBE9E22597BBD300CF68C5 /* mesh_data.cpp */; };
		41BBEA152597BBD300CF68C5 /* cubemap.cpp in Sources */ = {isa = PBXBuildFile; fileRef = 41BBE9E32597BBD300CF68C5 /* cubemap.cpp */; };
		41BBEA162597BBD300CF68C5 /* clock.cpp in Sources */ = {isa = PBXBuildFile; fileRef = 41BBE9E42597BBD300CF68C5 /* clock.cpp */; };
		41BBEA172597BBD300CF68C5 /* quad.cpp in Sources */ = {isa = PBXBuildFile; fileRef = 41BBE9E52597BBD300CF68C5 /* quad.cpp */; };
		41BBEA182597BBD300CF68C5 /* graphics.cpp in Sources */ = {isa = PBXBuildFile; fileRef = 41BBE9E62597BBD300CF68C5 /* graphics.cpp */; };
		41BBEA532597BBE300CF68C5 /* skybox.hpp in Headers */ = {isa = PBXBuildFile; fileRef = 41BBEA1A2597BBE000CF68C5 /* skybox.hpp */; };
		41BBEA542597BBE300CF68C5 /* transform_3d.hpp in Headers */ = {isa = PBXBuildFile; fileRef = 41BBEA1B2597BBE000CF68C5 /* transform_3d.hpp */; };
		41BBEA552597BBE300CF68C5 /* particle_renderer_3d.hpp in Headers */ = {isa = PBXBuildFile; fileRef = 41BBEA1C2597BBE000CF68C5 /* particle_renderer_3d.hpp */; };
		41BBEA562597BBE300CF68C5 /* mesh.hpp in Headers */ = {isa = PBXBuildFile; fileRef = 41BBEA1D2597BBE100CF68C5 /* mesh.hpp */; };
		41BBEA572597BBE300CF68C5 /* vertex_buffer.hpp in Headers */ = {isa = PBXBuildFile; fileRef = 41BBEA1E2597BBE100CF68C5 /* vertex_buffer.hpp */; };
		41BBEA582597BBE300CF68C5 /* collada_parser.hpp in Headers */ = {isa = PBXBuildFile; fileRef = 41BBEA1F2597BBE100CF68C5 /* collada_parser.hpp */; };
		41BBEA592597BBE300CF68C5 /* bmp_reader.hpp in Headers */ = {isa = PBXBuildFile; fileRef = 41BBEA202597BBE100CF68C5 /* bmp_reader.hpp */; };
		41BBEA5A2597BBE300CF68C5 /* cubemap.hpp in Headers */ = {isa = PBXBuildFile; fileRef = 41BBEA212597BBE100CF68C5 /* cubemap.hpp */; };
		41BBEA5B2597BBE300CF68C5 /* texture.hpp in Headers */ = {isa = PBXBuildFile; fileRef = 41BBEA222597BBE100CF68C5 /* texture.hpp */; };
		41BBEA5C2597BBE300CF68C5 /* sun.hpp in Headers */ = {isa = PBXBuildFile; fileRef = 41BBEA232597BBE100CF68C5 /* sun.hpp */; };
		41BBEA5D2597BBE300CF68C5 /* frame_renderer.hpp in Headers */ = {isa = PBXBuildFile; fileRef = 41BBEA242597BBE100CF68C5 /* frame_renderer.hpp */; };
		41BBEA5E2597BBE300CF68C5 /* dynamic_mesh.hpp in Headers */ = {isa = PBXBuildFile; fileRef = 41BBEA252597BBE100CF68C5 /* dynamic_mesh.hpp */; };
		41BBEA5F2597BBE300CF68C5 /* mdl_importer.hpp in Headers */ = {isa = PBXBuildFile; fileRef = 41BBEA262597BBE100CF68C5 /* mdl_importer.hpp */; };
		41BBEA602597BBE300CF68C5 /* node.hpp in Headers */ = {isa = PBXBuildFile; fileRef = 41BBEA272597BBE100CF68C5 /* node.hpp */; };
		41BBEA612597BBE300CF68C5 /* render_buffer.hpp in Headers */ = {isa = PBXBuildFile; fileRef = 41BBEA282597BBE100CF68C5 /* render_buffer.hpp */; };
		41BBEA622597BBE300CF68C5 /* random.hpp in Headers */ = {isa = PBXBuildFile; fileRef = 41BBEA292597BBE100CF68C5 /* random.hpp */; };
		41BBEA632597BBE300CF68C5 /* blur_shader.hpp in Headers */ = {isa = PBXBuildFile; fileRef = 41BBEA2A2597BBE100CF68C5 /* blur_shader.hpp */; };
		41BBEA642597BBE300CF68C5 /* camera_3d.hpp in Headers */ = {isa = PBXBuildFile; fileRef = 41BBEA2B2597BBE100CF68C5 /* camera_3d.hpp */; };
		41BBEA652597BBE300CF68C5 /* static_mesh.hpp in Headers */ = {isa = PBXBuildFile; fileRef = 41BBEA2C2597BBE100CF68C5 /* static_mesh.hpp */; };
		41BBEA662597BBE300CF68C5 /* string_buffer.hpp in Headers */ = {isa = PBXBuildFile; fileRef = 41BBEA2D2597BBE200CF68C5 /* string_buffer.hpp */; };
		41BBEA672597BBE300CF68C5 /* filesystem.hpp in Headers */ = {isa = PBXBuildFile; fileRef = 41BBEA2E2597BBE200CF68C5 /* filesystem.hpp */; };
		41BBEA682597BBE300CF68C5 /* frustum.hpp in Headers */ = {isa = PBXBuildFile; fileRef = 41BBEA2F2597BBE200CF68C5 /* frustum.hpp */; };
		41BBEA692597BBE300CF68C5 /* clock.hpp in Headers */ = {isa = PBXBuildFile; fileRef = 41BBEA302597BBE200CF68C5 /* clock.hpp */; };
		41BBEA6A2597BBE300CF68C5 /* matrix.hpp in Headers */ = {isa = PBXBuildFile; fileRef = 41BBEA312597BBE200CF68C5 /* matrix.hpp */; };
		41BBEA6B2597BBE300CF68C5 /* mdl_format.hpp in Headers */ = {isa = PBXBuildFile; fileRef = 41BBEA322597BBE200CF68C5 /* mdl_format.hpp */; };
		41BBEA6C2597BBE300CF68C5 /* static_mesh_renderer.hpp in Headers */ = {isa = PBXBuildFile; fileRef = 41BBEA332597BBE200CF68C5 /* static_mesh_renderer.hpp */; };
		41BBEA6D2597BBE300CF68C5 /* aabb_collider.hpp in Headers */ = {isa = PBXBuildFile; fileRef = 41BBEA342597BBE200CF68C5 /* aabb_collider.hpp */; };
		41BBEA6E2597BBE300CF68C5 /* mesh_util.hpp in Headers */ = {isa = PBXBuildFile; fileRef = 41BBEA352597BBE200CF68C5 /* mesh_util.hpp */; };
		41BBEA6F2597BBE300CF68C5 /* debug_draw_interface.hpp in Headers */ = {isa = PBXBuildFile; fileRef = 41BBEA362597BBE200CF68C5 /* debug_draw_interface.hpp */; };
		41BBEA702597BBE300CF68C5 /* data_types.hpp in Headers */ = {isa = PBXBuildFile; fileRef = 41BBEA372597BBE200CF68C5 /* data_types.hpp */; };
		41BBEA712597BBE300CF68C5 /* quad.hpp in Headers */ = {isa = PBXBuildFile; fileRef = 41BBEA382597BBE200CF68C5 /* quad.hpp */; };
		41BBEA722597BBE300CF68C5 /* tga_reader.hpp in Headers */ = {isa = PBXBuildFile; fileRef = 41BBEA392597BBE200CF68C5 /* tga_reader.hpp */; };
		41BBEA732597BBE300CF68C5 /* shader.hpp in Headers */ = {isa = PBXBuildFile; fileRef = 41BBEA3A2597BBE200CF68C5 /* shader.hpp */; };
		41BBEA742597BBE300CF68C5 /* collada_format.hpp in Headers */ = {isa = PBXBuildFile; fileRef = 41BBEA3B2597BBE200CF68C5 /* collada_format.hpp */; };
		41BBEA752597BBE300CF68C5 /* context.hpp in Headers */ = {isa = PBXBuildFile; fileRef = 41BBEA3C2597BBE200CF68C5 /* context.hpp */; };
		41BBEA762597BBE300CF68C5 /* view.hpp in Headers */ = {isa = PBXBuildFile; fileRef = 41BBEA3D2597BBE200CF68C5 /* view.hpp */; };
		41BBEA772597BBE300CF68C5 /* xml.hpp in Headers */ = {isa = PBXBuildFile; fileRef = 41BBEA3E2597BBE200CF68C5 /* xml.hpp */; };
		41BBEA782597BBE300CF68C5 /* framebuffer.hpp in Headers */ = {isa = PBXBuildFile; fileRef = 41BBEA3F2597BBE300CF68C5 /* framebuffer.hpp */; };
		41BBEA792597BBE300CF68C5 /* sprite.hpp in Headers */ = {isa = PBXBuildFile; fileRef = 41BBEA402597BBE300CF68C5 /* sprite.hpp */; };
		41BBEA7A2597BBE300CF68C5 /* sprite_renderer.hpp in Headers */ = {isa = PBXBuildFile; fileRef = 41BBEA412597BBE300CF68C5 /* sprite_renderer.hpp */; };
		41BBEA7B2597BBE300CF68C5 /* mesh_data.hpp in Headers */ = {isa = PBXBuildFile; fileRef = 41BBEA422597BBE300CF68C5 /* mesh_data.hpp */; };
		41BBEA7C2597BBE300CF68C5 /* bitmap.hpp in Headers */ = {isa = PBXBuildFile; fileRef = 41BBEA432597BBE300CF68C5 /* bitmap.hpp */; };
		41BBEA7D2597BBE300CF68C5 /* skybox_renderer.hpp in Headers */ = {isa = PBXBuildFile; fileRef = 41BBEA442597BBE300CF68C5 /* skybox_renderer.hpp */; };
		41BBEA7E2597BBE300CF68C5 /* camera_2d.hpp in Headers */ = {isa = PBXBuildFile; fileRef = 41BBEA452597BBE300CF68C5 /* camera_2d.hpp */; };
		41BBEA7F2597BBE300CF68C5 /* collada_importer.hpp in Headers */ = {isa = PBXBuildFile; fileRef = 41BBEA462597BBE300CF68C5 /* collada_importer.hpp */; };
		41BBEA802597BBE300CF68C5 /* bone.hpp in Headers */ = {isa = PBXBuildFile; fileRef = 41BBEA472597BBE300CF68C5 /* bone.hpp */; };
		41BBEA812597BBE300CF68C5 /* particle_array.hpp in Headers */ = {isa = PBXBuildFile; fileRef = 41BBEA482597BBE300CF68C5 /* particle_array.hpp */; };
		41BBEA822597BBE300CF68C5 /* debug_drawer.hpp in Headers */ = {isa = PBXBuildFile; fileRef = 41BBEA492597BBE300CF68C5 /* debug_drawer.hpp */; };
		41BBEA832597BBE300CF68C5 /* texture_manager.hpp in Headers */ = {isa = PBXBuildFile; fileRef = 41BBEA4A2597BBE300CF68C5 /* texture_manager.hpp */; };
		41BBEA842597BBE300CF68C5 /* file.hpp in Headers */ = {isa = PBXBuildFile; fileRef = 41BBEA4B2597BBE300CF68C5 /* file.hpp */; };
		41BBEA852597BBE300CF68C5 /* config.hpp in Headers */ = {isa = PBXBuildFile; fileRef = 41BBEA4C2597BBE300CF68C5 /* config.hpp */; };
		41BBEA862597BBE300CF68C5 /* particle.hpp in Headers */ = {isa = PBXBuildFile; fileRef = 41BBEA4D2597BBE300CF68C5 /* particle.hpp */; };
		41BBEA872597BBE400CF68C5 /* string.hpp in Headers */ = {isa = PBXBuildFile; fileRef = 41BBEA4E2597BBE300CF68C5 /* string.hpp */; };
		41BBEA882597BBE400CF68C5 /* vertex_array.hpp in Headers */ = {isa = PBXBuildFile; fileRef = 41BBEA4F2597BBE300CF68C5 /* vertex_array.hpp */; };
		41BBEA892597BBE400CF68C5 /* graphics.hpp in Headers */ = {isa = PBXBuildFile; fileRef = 41BBEA502597BBE300CF68C5 /* graphics.hpp */; };
		41BBEA8A2597BBE400CF68C5 /* dynamic_mesh_renderer.hpp in Headers */ = {isa = PBXBuildFile; fileRef = 41BBEA512597BBE300CF68C5 /* dynamic_mesh_renderer.hpp */; };
		41BBEA8B2597BBE400CF68C5 /* transform_2d.hpp in Headers */ = {isa = PBXBuildFile; fileRef = 41BBEA522597BBE300CF68C5 /* transform_2d.hpp */; };
		41D14D3425492FA500290ACA /* context.cpp in Sources */ = {isa = PBXBuildFile; fileRef = 41D14D0425492FA400290ACA /* context.cpp */; };
		41D14D4C25492FB300290ACA /* sprite_vertex_shader.hpp in Headers */ = {isa = PBXBuildFile; fileRef = 41D14D3E25492FB200290ACA /* sprite_vertex_shader.hpp */; };
		41D14D4D25492FB300290ACA /* frame_vertex_shader.hpp in Headers */ = {isa = PBXBuildFile; fileRef = 41D14D3F25492FB200290ACA /* frame_vertex_shader.hpp */; };
		41D14D4E25492FB300290ACA /* gaussian_blur_pixel_shader.hpp in Headers */ = {isa = PBXBuildFile; fileRef = 41D14D4025492FB200290ACA /* gaussian_blur_pixel_shader.hpp */; };
		41D14D4F25492FB300290ACA /* particle_vertex_shader.hpp in Headers */ = {isa = PBXBuildFile; fileRef = 41D14D4125492FB200290ACA /* particle_vertex_shader.hpp */; };
		41D14D5025492FB300290ACA /* static_mesh_vertex_shader.hpp in Headers */ = {isa = PBXBuildFile; fileRef = 41D14D4225492FB200290ACA /* static_mesh_vertex_shader.hpp */; };
		41D14D5125492FB300290ACA /* skybox_vertex_shader.hpp in Headers */ = {isa = PBXBuildFile; fileRef = 41D14D4325492FB200290ACA /* skybox_vertex_shader.hpp */; };
		41D14D5225492FB300290ACA /* dynamic_mesh_pixel_shader.hpp in Headers */ = {isa = PBXBuildFile; fileRef = 41D14D4425492FB200290ACA /* dynamic_mesh_pixel_shader.hpp */; };
		41D14D5325492FB300290ACA /* particle_pixel_shader.hpp in Headers */ = {isa = PBXBuildFile; fileRef = 41D14D4525492FB200290ACA /* particle_pixel_shader.hpp */; };
		41D14D5425492FB300290ACA /* static_mesh_pixel_shader.hpp in Headers */ = {isa = PBXBuildFile; fileRef = 41D14D4625492FB200290ACA /* static_mesh_pixel_shader.hpp */; };
		41D14D5525492FB300290ACA /* dynamic_mesh_vertex_shader.hpp in Headers */ = {isa = PBXBuildFile; fileRef = 41D14D4725492FB200290ACA /* dynamic_mesh_vertex_shader.hpp */; };
		41D14D5625492FB300290ACA /* frame_pixel_shader.hpp in Headers */ = {isa = PBXBuildFile; fileRef = 41D14D4825492FB200290ACA /* frame_pixel_shader.hpp */; };
		41D14D5725492FB300290ACA /* gaussian_blur_vertex_shader.hpp in Headers */ = {isa = PBXBuildFile; fileRef = 41D14D4925492FB300290ACA /* gaussian_blur_vertex_shader.hpp */; };
		41D14D5825492FB300290ACA /* sprite_pixel_shader.hpp in Headers */ = {isa = PBXBuildFile; fileRef = 41D14D4A25492FB300290ACA /* sprite_pixel_shader.hpp */; };
		41D14D5925492FB300290ACA /* skybox_pixel_shader.hpp in Headers */ = {isa = PBXBuildFile; fileRef = 41D14D4B25492FB300290ACA /* skybox_pixel_shader.hpp */; };
/* End PBXBuildFile section */

/* Begin PBXFileReference section */
		41383B4A257B2CE600597BA9 /* frustum.cpp */ = {isa = PBXFileReference; fileEncoding = 4; lastKnownFileType = sourcecode.cpp.cpp; name = frustum.cpp; path = src/frustum.cpp; sourceTree = "<group>"; };
		417437D525492EC5001F7025 /* GKit.lib */ = {isa = PBXFileReference; explicitFileType = archive.ar; includeInIndex = 0; path = GKit.lib; sourceTree = BUILT_PRODUCTS_DIR; };
		41B10A96254930CF00E656B2 /* SDL2.framework */ = {isa = PBXFileReference; lastKnownFileType = wrapper.framework; name = SDL2.framework; path = ../../../../Library/Frameworks/SDL2.framework; sourceTree = "<group>"; };
		41BBE9B52597BBD100CF68C5 /* bone.cpp */ = {isa = PBXFileReference; fileEncoding = 4; lastKnownFileType = sourcecode.cpp.cpp; name = bone.cpp; path = src/bone.cpp; sourceTree = "<group>"; };
		41BBE9B62597BBD100CF68C5 /* texture_manager.cpp */ = {isa = PBXFileReference; fileEncoding = 4; lastKnownFileType = sourcecode.cpp.cpp; name = texture_manager.cpp; path = src/texture_manager.cpp; sourceTree = "<group>"; };
		41BBE9B72597BBD100CF68C5 /* filesystem.cpp */ = {isa = PBXFileReference; fileEncoding = 4; lastKnownFileType = sourcecode.cpp.cpp; name = filesystem.cpp; path = src/filesystem.cpp; sourceTree = "<group>"; };
		41BBE9B82597BBD100CF68C5 /* skybox.cpp */ = {isa = PBXFileReference; fileEncoding = 4; lastKnownFileType = sourcecode.cpp.cpp; name = skybox.cpp; path = src/skybox.cpp; sourceTree = "<group>"; };
		41BBE9B92597BBD100CF68C5 /* camera_2d.cpp */ = {isa = PBXFileReference; fileEncoding = 4; lastKnownFileType = sourcecode.cpp.cpp; name = camera_2d.cpp; path = src/camera_2d.cpp; sourceTree = "<group>"; };
		41BBE9BA2597BBD100CF68C5 /* file.cpp */ = {isa = PBXFileReference; fileEncoding = 4; lastKnownFileType = sourcecode.cpp.cpp; name = file.cpp; path = src/file.cpp; sourceTree = "<group>"; };
		41BBE9BB2597BBD100CF68C5 /* vertex_array.cpp */ = {isa = PBXFileReference; fileEncoding = 4; lastKnownFileType = sourcecode.cpp.cpp; name = vertex_array.cpp; path = src/vertex_array.cpp; sourceTree = "<group>"; };
		41BBE9BC2597BBD100CF68C5 /* texture.cpp */ = {isa = PBXFileReference; fileEncoding = 4; lastKnownFileType = sourcecode.cpp.cpp; name = texture.cpp; path = src/texture.cpp; sourceTree = "<group>"; };
		41BBE9BD2597BBD100CF68C5 /* frame_renderer.cpp */ = {isa = PBXFileReference; fileEncoding = 4; lastKnownFileType = sourcecode.cpp.cpp; name = frame_renderer.cpp; path = src/frame_renderer.cpp; sourceTree = "<group>"; };
		41BBE9BE2597BBD100CF68C5 /* sprite_renderer.cpp */ = {isa = PBXFileReference; fileEncoding = 4; lastKnownFileType = sourcecode.cpp.cpp; name = sprite_renderer.cpp; path = src/sprite_renderer.cpp; sourceTree = "<group>"; };
		41BBE9BF2597BBD100CF68C5 /* vertex_buffer.cpp */ = {isa = PBXFileReference; fileEncoding = 4; lastKnownFileType = sourcecode.cpp.cpp; name = vertex_buffer.cpp; path = src/vertex_buffer.cpp; sourceTree = "<group>"; };
		41BBE9C02597BBD100CF68C5 /* collada_importer.cpp */ = {isa = PBXFileReference; fileEncoding = 4; lastKnownFileType = sourcecode.cpp.cpp; name = collada_importer.cpp; path = src/collada_importer.cpp; sourceTree = "<group>"; };
		41BBE9C12597BBD100CF68C5 /* mesh.cpp */ = {isa = PBXFileReference; fileEncoding = 4; lastKnownFileType = sourcecode.cpp.cpp; name = mesh.cpp; path = src/mesh.cpp; sourceTree = "<group>"; };
		41BBE9C22597BBD100CF68C5 /* sun.cpp */ = {isa = PBXFileReference; fileEncoding = 4; lastKnownFileType = sourcecode.cpp.cpp; name = sun.cpp; path = src/sun.cpp; sourceTree = "<group>"; };
		41BBE9C32597BBD100CF68C5 /* transform_3d.cpp */ = {isa = PBXFileReference; fileEncoding = 4; lastKnownFileType = sourcecode.cpp.cpp; name = transform_3d.cpp; path = src/transform_3d.cpp; sourceTree = "<group>"; };
		41BBE9C42597BBD100CF68C5 /* frustum.cpp */ = {isa = PBXFileReference; fileEncoding = 4; lastKnownFileType = sourcecode.cpp.cpp; name = frustum.cpp; path = src/frustum.cpp; sourceTree = "<group>"; };
		41BBE9C52597BBD100CF68C5 /* collada_format.cpp */ = {isa = PBXFileReference; fileEncoding = 4; lastKnownFileType = sourcecode.cpp.cpp; name = collada_format.cpp; path = src/collada_format.cpp; sourceTree = "<group>"; };
		41BBE9C62597BBD100CF68C5 /* transform_2d.cpp */ = {isa = PBXFileReference; fileEncoding = 4; lastKnownFileType = sourcecode.cpp.cpp; name = transform_2d.cpp; path = src/transform_2d.cpp; sourceTree = "<group>"; };
		41BBE9C72597BBD100CF68C5 /* sprite.cpp */ = {isa = PBXFileReference; fileEncoding = 4; lastKnownFileType = sourcecode.cpp.cpp; name = sprite.cpp; path = src/sprite.cpp; sourceTree = "<group>"; };
		41BBE9C82597BBD100CF68C5 /* node.cpp */ = {isa = PBXFileReference; fileEncoding = 4; lastKnownFileType = sourcecode.cpp.cpp; name = node.cpp; path = src/node.cpp; sourceTree = "<group>"; };
		41BBE9C92597BBD200CF68C5 /* xml.cpp */ = {isa = PBXFileReference; fileEncoding = 4; lastKnownFileType = sourcecode.cpp.cpp; name = xml.cpp; path = src/xml.cpp; sourceTree = "<group>"; };
		41BBE9CA2597BBD200CF68C5 /* debug_draw_interface.cpp */ = {isa = PBXFileReference; fileEncoding = 4; lastKnownFileType = sourcecode.cpp.cpp; name = debug_draw_interface.cpp; path = src/debug_draw_interface.cpp; sourceTree = "<group>"; };
		41BBE9CB2597BBD200CF68C5 /* matrix.cpp */ = {isa = PBXFileReference; fileEncoding = 4; lastKnownFileType = sourcecode.cpp.cpp; name = matrix.cpp; path = src/matrix.cpp; sourceTree = "<group>"; };
		41BBE9CC2597BBD200CF68C5 /* collada_parser.cpp */ = {isa = PBXFileReference; fileEncoding = 4; lastKnownFileType = sourcecode.cpp.cpp; name = collada_parser.cpp; path = src/collada_parser.cpp; sourceTree = "<group>"; };
		41BBE9CD2597BBD200CF68C5 /* debug_drawer.cpp */ = {isa = PBXFileReference; fileEncoding = 4; lastKnownFileType = sourcecode.cpp.cpp; name = debug_drawer.cpp; path = src/debug_drawer.cpp; sourceTree = "<group>"; };
		41BBE9CE2597BBD200CF68C5 /* shader.cpp */ = {isa = PBXFileReference; fileEncoding = 4; lastKnownFileType = sourcecode.cpp.cpp; name = shader.cpp; path = src/shader.cpp; sourceTree = "<group>"; };
		41BBE9CF2597BBD200CF68C5 /* bmp_reader.cpp */ = {isa = PBXFileReference; fileEncoding = 4; lastKnownFileType = sourcecode.cpp.cpp; name = bmp_reader.cpp; path = src/bmp_reader.cpp; sourceTree = "<group>"; };
		41BBE9D02597BBD200CF68C5 /* camera_3d.cpp */ = {isa = PBXFileReference; fileEncoding = 4; lastKnownFileType = sourcecode.cpp.cpp; name = camera_3d.cpp; path = src/camera_3d.cpp; sourceTree = "<group>"; };
		41BBE9D12597BBD200CF68C5 /* view.cpp */ = {isa = PBXFileReference; fileEncoding = 4; lastKnownFileType = sourcecode.cpp.cpp; name = view.cpp; path = src/view.cpp; sourceTree = "<group>"; };
		41BBE9D22597BBD200CF68C5 /* framebuffer.cpp */ = {isa = PBXFileReference; fileEncoding = 4; lastKnownFileType = sourcecode.cpp.cpp; name = framebuffer.cpp; path = src/framebuffer.cpp; sourceTree = "<group>"; };
		41BBE9D32597BBD200CF68C5 /* particle_renderer_3d.cpp */ = {isa = PBXFileReference; fileEncoding = 4; lastKnownFileType = sourcecode.cpp.cpp; name = particle_renderer_3d.cpp; path = src/particle_renderer_3d.cpp; sourceTree = "<group>"; };
		41BBE9D42597BBD200CF68C5 /* bitmap.cpp */ = {isa = PBXFileReference; fileEncoding = 4; lastKnownFileType = sourcecode.cpp.cpp; name = bitmap.cpp; path = src/bitmap.cpp; sourceTree = "<group>"; };
		41BBE9D52597BBD200CF68C5 /* static_mesh_renderer.cpp */ = {isa = PBXFileReference; fileEncoding = 4; lastKnownFileType = sourcecode.cpp.cpp; name = static_mesh_renderer.cpp; path = src/static_mesh_renderer.cpp; sourceTree = "<group>"; };
		41BBE9D62597BBD200CF68C5 /* static_mesh.cpp */ = {isa = PBXFileReference; fileEncoding = 4; lastKnownFileType = sourcecode.cpp.cpp; name = static_mesh.cpp; path = src/static_mesh.cpp; sourceTree = "<group>"; };
		41BBE9D72597BBD200CF68C5 /* tga_reader.cpp */ = {isa = PBXFileReference; fileEncoding = 4; lastKnownFileType = sourcecode.cpp.cpp; name = tga_reader.cpp; path = src/tga_reader.cpp; sourceTree = "<group>"; };
		41BBE9D82597BBD200CF68C5 /* dynamic_mesh.cpp */ = {isa = PBXFileReference; fileEncoding = 4; lastKnownFileType = sourcecode.cpp.cpp; name = dynamic_mesh.cpp; path = src/dynamic_mesh.cpp; sourceTree = "<group>"; };
		41BBE9D92597BBD200CF68C5 /* string_buffer.cpp */ = {isa = PBXFileReference; fileEncoding = 4; lastKnownFileType = sourcecode.cpp.cpp; name = string_buffer.cpp; path = src/string_buffer.cpp; sourceTree = "<group>"; };
		41BBE9DA2597BBD300CF68C5 /* mesh_util.cpp */ = {isa = PBXFileReference; fileEncoding = 4; lastKnownFileType = sourcecode.cpp.cpp; name = mesh_util.cpp; path = src/mesh_util.cpp; sourceTree = "<group>"; };
		41BBE9DB2597BBD300CF68C5 /* random.cpp */ = {isa = PBXFileReference; fileEncoding = 4; lastKnownFileType = sourcecode.cpp.cpp; name = random.cpp; path = src/random.cpp; sourceTree = "<group>"; };
		41BBE9DC2597BBD300CF68C5 /* mdl_importer.cpp */ = {isa = PBXFileReference; fileEncoding = 4; lastKnownFileType = sourcecode.cpp.cpp; name = mdl_importer.cpp; path = src/mdl_importer.cpp; sourceTree = "<group>"; };
		41BBE9DD2597BBD300CF68C5 /* skybox_renderer.cpp */ = {isa = PBXFileReference; fileEncoding = 4; lastKnownFileType = sourcecode.cpp.cpp; name = skybox_renderer.cpp; path = src/skybox_renderer.cpp; sourceTree = "<group>"; };
		41BBE9DE2597BBD300CF68C5 /* particle_array.cpp */ = {isa = PBXFileReference; fileEncoding = 4; lastKnownFileType = sourcecode.cpp.cpp; name = particle_array.cpp; path = src/particle_array.cpp; sourceTree = "<group>"; };
		41BBE9DF2597BBD300CF68C5 /* render_buffer.cpp */ = {isa = PBXFileReference; fileEncoding = 4; lastKnownFileType = sourcecode.cpp.cpp; name = render_buffer.cpp; path = src/render_buffer.cpp; sourceTree = "<group>"; };
		41BBE9E02597BBD300CF68C5 /* blur_shader.cpp */ = {isa = PBXFileReference; fileEncoding = 4; lastKnownFileType = sourcecode.cpp.cpp; name = blur_shader.cpp; path = src/blur_shader.cpp; sourceTree = "<group>"; };
		41BBE9E12597BBD300CF68C5 /* dynamic_mesh_renderer.cpp */ = {isa = PBXFileReference; fileEncoding = 4; lastKnownFileType = sourcecode.cpp.cpp; name = dynamic_mesh_renderer.cpp; path = src/dynamic_mesh_renderer.cpp; sourceTree = "<group>"; };
		41BBE9E22597BBD300CF68C5 /* mesh_data.cpp */ = {isa = PBXFileReference; fileEncoding = 4; lastKnownFileType = sourcecode.cpp.cpp; name = mesh_data.cpp; path = src/mesh_data.cpp; sourceTree = "<group>"; };
		41BBE9E32597BBD300CF68C5 /* cubemap.cpp */ = {isa = PBXFileReference; fileEncoding = 4; lastKnownFileType = sourcecode.cpp.cpp; name = cubemap.cpp; path = src/cubemap.cpp; sourceTree = "<group>"; };
		41BBE9E42597BBD300CF68C5 /* clock.cpp */ = {isa = PBXFileReference; fileEncoding = 4; lastKnownFileType = sourcecode.cpp.cpp; name = clock.cpp; path = src/clock.cpp; sourceTree = "<group>"; };
		41BBE9E52597BBD300CF68C5 /* quad.cpp */ = {isa = PBXFileReference; fileEncoding = 4; lastKnownFileType = sourcecode.cpp.cpp; name = quad.cpp; path = src/quad.cpp; sourceTree = "<group>"; };
		41BBE9E62597BBD300CF68C5 /* graphics.cpp */ = {isa = PBXFileReference; fileEncoding = 4; lastKnownFileType = sourcecode.cpp.cpp; name = graphics.cpp; path = src/graphics.cpp; sourceTree = "<group>"; };
		41BBEA1A2597BBE000CF68C5 /* skybox.hpp */ = {isa = PBXFileReference; fileEncoding = 4; lastKnownFileType = sourcecode.cpp.h; name = skybox.hpp; path = inc/gk/skybox.hpp; sourceTree = "<group>"; };
		41BBEA1B2597BBE000CF68C5 /* transform_3d.hpp */ = {isa = PBXFileReference; fileEncoding = 4; lastKnownFileType = sourcecode.cpp.h; name = transform_3d.hpp; path = inc/gk/transform_3d.hpp; sourceTree = "<group>"; };
		41BBEA1C2597BBE000CF68C5 /* particle_renderer_3d.hpp */ = {isa = PBXFileReference; fileEncoding = 4; lastKnownFileType = sourcecode.cpp.h; name = particle_renderer_3d.hpp; path = inc/gk/particle_renderer_3d.hpp; sourceTree = "<group>"; };
		41BBEA1D2597BBE100CF68C5 /* mesh.hpp */ = {isa = PBXFileReference; fileEncoding = 4; lastKnownFileType = sourcecode.cpp.h; name = mesh.hpp; path = inc/gk/mesh.hpp; sourceTree = "<group>"; };
		41BBEA1E2597BBE100CF68C5 /* vertex_buffer.hpp */ = {isa = PBXFileReference; fileEncoding = 4; lastKnownFileType = sourcecode.cpp.h; name = vertex_buffer.hpp; path = inc/gk/vertex_buffer.hpp; sourceTree = "<group>"; };
		41BBEA1F2597BBE100CF68C5 /* collada_parser.hpp */ = {isa = PBXFileReference; fileEncoding = 4; lastKnownFileType = sourcecode.cpp.h; name = collada_parser.hpp; path = inc/gk/collada_parser.hpp; sourceTree = "<group>"; };
		41BBEA202597BBE100CF68C5 /* bmp_reader.hpp */ = {isa = PBXFileReference; fileEncoding = 4; lastKnownFileType = sourcecode.cpp.h; name = bmp_reader.hpp; path = inc/gk/bmp_reader.hpp; sourceTree = "<group>"; };
		41BBEA212597BBE100CF68C5 /* cubemap.hpp */ = {isa = PBXFileReference; fileEncoding = 4; lastKnownFileType = sourcecode.cpp.h; name = cubemap.hpp; path = inc/gk/cubemap.hpp; sourceTree = "<group>"; };
		41BBEA222597BBE100CF68C5 /* texture.hpp */ = {isa = PBXFileReference; fileEncoding = 4; lastKnownFileType = sourcecode.cpp.h; name = texture.hpp; path = inc/gk/texture.hpp; sourceTree = "<group>"; };
		41BBEA232597BBE100CF68C5 /* sun.hpp */ = {isa = PBXFileReference; fileEncoding = 4; lastKnownFileType = sourcecode.cpp.h; name = sun.hpp; path = inc/gk/sun.hpp; sourceTree = "<group>"; };
		41BBEA242597BBE100CF68C5 /* frame_renderer.hpp */ = {isa = PBXFileReference; fileEncoding = 4; lastKnownFileType = sourcecode.cpp.h; name = frame_renderer.hpp; path = inc/gk/frame_renderer.hpp; sourceTree = "<group>"; };
		41BBEA252597BBE100CF68C5 /* dynamic_mesh.hpp */ = {isa = PBXFileReference; fileEncoding = 4; lastKnownFileType = sourcecode.cpp.h; name = dynamic_mesh.hpp; path = inc/gk/dynamic_mesh.hpp; sourceTree = "<group>"; };
		41BBEA262597BBE100CF68C5 /* mdl_importer.hpp */ = {isa = PBXFileReference; fileEncoding = 4; lastKnownFileType = sourcecode.cpp.h; name = mdl_importer.hpp; path = inc/gk/mdl_importer.hpp; sourceTree = "<group>"; };
		41BBEA272597BBE100CF68C5 /* node.hpp */ = {isa = PBXFileReference; fileEncoding = 4; lastKnownFileType = sourcecode.cpp.h; name = node.hpp; path = inc/gk/node.hpp; sourceTree = "<group>"; };
		41BBEA282597BBE100CF68C5 /* render_buffer.hpp */ = {isa = PBXFileReference; fileEncoding = 4; lastKnownFileType = sourcecode.cpp.h; name = render_buffer.hpp; path = inc/gk/render_buffer.hpp; sourceTree = "<group>"; };
		41BBEA292597BBE100CF68C5 /* random.hpp */ = {isa = PBXFileReference; fileEncoding = 4; lastKnownFileType = sourcecode.cpp.h; name = random.hpp; path = inc/gk/random.hpp; sourceTree = "<group>"; };
		41BBEA2A2597BBE100CF68C5 /* blur_shader.hpp */ = {isa = PBXFileReference; fileEncoding = 4; lastKnownFileType = sourcecode.cpp.h; name = blur_shader.hpp; path = inc/gk/blur_shader.hpp; sourceTree = "<group>"; };
		41BBEA2B2597BBE100CF68C5 /* camera_3d.hpp */ = {isa = PBXFileReference; fileEncoding = 4; lastKnownFileType = sourcecode.cpp.h; name = camera_3d.hpp; path = inc/gk/camera_3d.hpp; sourceTree = "<group>"; };
		41BBEA2C2597BBE100CF68C5 /* static_mesh.hpp */ = {isa = PBXFileReference; fileEncoding = 4; lastKnownFileType = sourcecode.cpp.h; name = static_mesh.hpp; path = inc/gk/static_mesh.hpp; sourceTree = "<group>"; };
		41BBEA2D2597BBE200CF68C5 /* string_buffer.hpp */ = {isa = PBXFileReference; fileEncoding = 4; lastKnownFileType = sourcecode.cpp.h; name = string_buffer.hpp; path = inc/gk/string_buffer.hpp; sourceTree = "<group>"; };
		41BBEA2E2597BBE200CF68C5 /* filesystem.hpp */ = {isa = PBXFileReference; fileEncoding = 4; lastKnownFileType = sourcecode.cpp.h; name = filesystem.hpp; path = inc/gk/filesystem.hpp; sourceTree = "<group>"; };
		41BBEA2F2597BBE200CF68C5 /* frustum.hpp */ = {isa = PBXFileReference; fileEncoding = 4; lastKnownFileType = sourcecode.cpp.h; name = frustum.hpp; path = inc/gk/frustum.hpp; sourceTree = "<group>"; };
		41BBEA302597BBE200CF68C5 /* clock.hpp */ = {isa = PBXFileReference; fileEncoding = 4; lastKnownFileType = sourcecode.cpp.h; name = clock.hpp; path = inc/gk/clock.hpp; sourceTree = "<group>"; };
		41BBEA312597BBE200CF68C5 /* matrix.hpp */ = {isa = PBXFileReference; fileEncoding = 4; lastKnownFileType = sourcecode.cpp.h; name = matrix.hpp; path = inc/gk/matrix.hpp; sourceTree = "<group>"; };
		41BBEA322597BBE200CF68C5 /* mdl_format.hpp */ = {isa = PBXFileReference; fileEncoding = 4; lastKnownFileType = sourcecode.cpp.h; name = mdl_format.hpp; path = inc/gk/mdl_format.hpp; sourceTree = "<group>"; };
		41BBEA332597BBE200CF68C5 /* static_mesh_renderer.hpp */ = {isa = PBXFileReference; fileEncoding = 4; lastKnownFileType = sourcecode.cpp.h; name = static_mesh_renderer.hpp; path = inc/gk/static_mesh_renderer.hpp; sourceTree = "<group>"; };
		41BBEA342597BBE200CF68C5 /* aabb_collider.hpp */ = {isa = PBXFileReference; fileEncoding = 4; lastKnownFileType = sourcecode.cpp.h; name = aabb_collider.hpp; path = inc/gk/aabb_collider.hpp; sourceTree = "<group>"; };
		41BBEA352597BBE200CF68C5 /* mesh_util.hpp */ = {isa = PBXFileReference; fileEncoding = 4; lastKnownFileType = sourcecode.cpp.h; name = mesh_util.hpp; path = inc/gk/mesh_util.hpp; sourceTree = "<group>"; };
		41BBEA362597BBE200CF68C5 /* debug_draw_interface.hpp */ = {isa = PBXFileReference; fileEncoding = 4; lastKnownFileType = sourcecode.cpp.h; name = debug_draw_interface.hpp; path = inc/gk/debug_draw_interface.hpp; sourceTree = "<group>"; };
		41BBEA372597BBE200CF68C5 /* data_types.hpp */ = {isa = PBXFileReference; fileEncoding = 4; lastKnownFileType = sourcecode.cpp.h; name = data_types.hpp; path = inc/gk/data_types.hpp; sourceTree = "<group>"; };
		41BBEA382597BBE200CF68C5 /* quad.hpp */ = {isa = PBXFileReference; fileEncoding = 4; lastKnownFileType = sourcecode.cpp.h; name = quad.hpp; path = inc/gk/quad.hpp; sourceTree = "<group>"; };
		41BBEA392597BBE200CF68C5 /* tga_reader.hpp */ = {isa = PBXFileReference; fileEncoding = 4; lastKnownFileType = sourcecode.cpp.h; name = tga_reader.hpp; path = inc/gk/tga_reader.hpp; sourceTree = "<group>"; };
		41BBEA3A2597BBE200CF68C5 /* shader.hpp */ = {isa = PBXFileReference; fileEncoding = 4; lastKnownFileType = sourcecode.cpp.h; name = shader.hpp; path = inc/gk/shader.hpp; sourceTree = "<group>"; };
		41BBEA3B2597BBE200CF68C5 /* collada_format.hpp */ = {isa = PBXFileReference; fileEncoding = 4; lastKnownFileType = sourcecode.cpp.h; name = collada_format.hpp; path = inc/gk/collada_format.hpp; sourceTree = "<group>"; };
		41BBEA3C2597BBE200CF68C5 /* context.hpp */ = {isa = PBXFileReference; fileEncoding = 4; lastKnownFileType = sourcecode.cpp.h; name = context.hpp; path = inc/gk/context.hpp; sourceTree = "<group>"; };
		41BBEA3D2597BBE200CF68C5 /* view.hpp */ = {isa = PBXFileReference; fileEncoding = 4; lastKnownFileType = sourcecode.cpp.h; name = view.hpp; path = inc/gk/view.hpp; sourceTree = "<group>"; };
		41BBEA3E2597BBE200CF68C5 /* xml.hpp */ = {isa = PBXFileReference; fileEncoding = 4; lastKnownFileType = sourcecode.cpp.h; name = xml.hpp; path = inc/gk/xml.hpp; sourceTree = "<group>"; };
		41BBEA3F2597BBE300CF68C5 /* framebuffer.hpp */ = {isa = PBXFileReference; fileEncoding = 4; lastKnownFileType = sourcecode.cpp.h; name = framebuffer.hpp; path = inc/gk/framebuffer.hpp; sourceTree = "<group>"; };
		41BBEA402597BBE300CF68C5 /* sprite.hpp */ = {isa = PBXFileReference; fileEncoding = 4; lastKnownFileType = sourcecode.cpp.h; name = sprite.hpp; path = inc/gk/sprite.hpp; sourceTree = "<group>"; };
		41BBEA412597BBE300CF68C5 /* sprite_renderer.hpp */ = {isa = PBXFileReference; fileEncoding = 4; lastKnownFileType = sourcecode.cpp.h; name = sprite_renderer.hpp; path = inc/gk/sprite_renderer.hpp; sourceTree = "<group>"; };
		41BBEA422597BBE300CF68C5 /* mesh_data.hpp */ = {isa = PBXFileReference; fileEncoding = 4; lastKnownFileType = sourcecode.cpp.h; name = mesh_data.hpp; path = inc/gk/mesh_data.hpp; sourceTree = "<group>"; };
		41BBEA432597BBE300CF68C5 /* bitmap.hpp */ = {isa = PBXFileReference; fileEncoding = 4; lastKnownFileType = sourcecode.cpp.h; name = bitmap.hpp; path = inc/gk/bitmap.hpp; sourceTree = "<group>"; };
		41BBEA442597BBE300CF68C5 /* skybox_renderer.hpp */ = {isa = PBXFileReference; fileEncoding = 4; lastKnownFileType = sourcecode.cpp.h; name = skybox_renderer.hpp; path = inc/gk/skybox_renderer.hpp; sourceTree = "<group>"; };
		41BBEA452597BBE300CF68C5 /* camera_2d.hpp */ = {isa = PBXFileReference; fileEncoding = 4; lastKnownFileType = sourcecode.cpp.h; name = camera_2d.hpp; path = inc/gk/camera_2d.hpp; sourceTree = "<group>"; };
		41BBEA462597BBE300CF68C5 /* collada_importer.hpp */ = {isa = PBXFileReference; fileEncoding = 4; lastKnownFileType = sourcecode.cpp.h; name = collada_importer.hpp; path = inc/gk/collada_importer.hpp; sourceTree = "<group>"; };
		41BBEA472597BBE300CF68C5 /* bone.hpp */ = {isa = PBXFileReference; fileEncoding = 4; lastKnownFileType = sourcecode.cpp.h; name = bone.hpp; path = inc/gk/bone.hpp; sourceTree = "<group>"; };
		41BBEA482597BBE300CF68C5 /* particle_array.hpp */ = {isa = PBXFileReference; fileEncoding = 4; lastKnownFileType = sourcecode.cpp.h; name = particle_array.hpp; path = inc/gk/particle_array.hpp; sourceTree = "<group>"; };
		41BBEA492597BBE300CF68C5 /* debug_drawer.hpp */ = {isa = PBXFileReference; fileEncoding = 4; lastKnownFileType = sourcecode.cpp.h; name = debug_drawer.hpp; path = inc/gk/debug_drawer.hpp; sourceTree = "<group>"; };
		41BBEA4A2597BBE300CF68C5 /* texture_manager.hpp */ = {isa = PBXFileReference; fileEncoding = 4; lastKnownFileType = sourcecode.cpp.h; name = texture_manager.hpp; path = inc/gk/texture_manager.hpp; sourceTree = "<group>"; };
		41BBEA4B2597BBE300CF68C5 /* file.hpp */ = {isa = PBXFileReference; fileEncoding = 4; lastKnownFileType = sourcecode.cpp.h; name = file.hpp; path = inc/gk/file.hpp; sourceTree = "<group>"; };
		41BBEA4C2597BBE300CF68C5 /* config.hpp */ = {isa = PBXFileReference; fileEncoding = 4; lastKnownFileType = sourcecode.cpp.h; name = config.hpp; path = inc/gk/config.hpp; sourceTree = "<group>"; };
		41BBEA4D2597BBE300CF68C5 /* particle.hpp */ = {isa = PBXFileReference; fileEncoding = 4; lastKnownFileType = sourcecode.cpp.h; name = particle.hpp; path = inc/gk/particle.hpp; sourceTree = "<group>"; };
		41BBEA4E2597BBE300CF68C5 /* string.hpp */ = {isa = PBXFileReference; fileEncoding = 4; lastKnownFileType = sourcecode.cpp.h; name = string.hpp; path = inc/gk/string.hpp; sourceTree = "<group>"; };
		41BBEA4F2597BBE300CF68C5 /* vertex_array.hpp */ = {isa = PBXFileReference; fileEncoding = 4; lastKnownFileType = sourcecode.cpp.h; name = vertex_array.hpp; path = inc/gk/vertex_array.hpp; sourceTree = "<group>"; };
		41BBEA502597BBE300CF68C5 /* graphics.hpp */ = {isa = PBXFileReference; fileEncoding = 4; lastKnownFileType = sourcecode.cpp.h; name = graphics.hpp; path = inc/gk/graphics.hpp; sourceTree = "<group>"; };
		41BBEA512597BBE300CF68C5 /* dynamic_mesh_renderer.hpp */ = {isa = PBXFileReference; fileEncoding = 4; lastKnownFileType = sourcecode.cpp.h; name = dynamic_mesh_renderer.hpp; path = inc/gk/dynamic_mesh_renderer.hpp; sourceTree = "<group>"; };
		41BBEA522597BBE300CF68C5 /* transform_2d.hpp */ = {isa = PBXFileReference; fileEncoding = 4; lastKnownFileType = sourcecode.cpp.h; name = transform_2d.hpp; path = inc/gk/transform_2d.hpp; sourceTree = "<group>"; };
		41D14D0425492FA400290ACA /* context.cpp */ = {isa = PBXFileReference; fileEncoding = 4; lastKnownFileType = sourcecode.cpp.cpp; name = context.cpp; path = src/context.cpp; sourceTree = "<group>"; };
		41D14D3E25492FB200290ACA /* sprite_vertex_shader.hpp */ = {isa = PBXFileReference; fileEncoding = 4; lastKnownFileType = sourcecode.cpp.h; name = sprite_vertex_shader.hpp; path = shdr/sprite_vertex_shader.hpp; sourceTree = "<group>"; };
		41D14D3F25492FB200290ACA /* frame_vertex_shader.hpp */ = {isa = PBXFileReference; fileEncoding = 4; lastKnownFileType = sourcecode.cpp.h; name = frame_vertex_shader.hpp; path = shdr/frame_vertex_shader.hpp; sourceTree = "<group>"; };
		41D14D4025492FB200290ACA /* gaussian_blur_pixel_shader.hpp */ = {isa = PBXFileReference; fileEncoding = 4; lastKnownFileType = sourcecode.cpp.h; name = gaussian_blur_pixel_shader.hpp; path = shdr/gaussian_blur_pixel_shader.hpp; sourceTree = "<group>"; };
		41D14D4125492FB200290ACA /* particle_vertex_shader.hpp */ = {isa = PBXFileReference; fileEncoding = 4; lastKnownFileType = sourcecode.cpp.h; name = particle_vertex_shader.hpp; path = shdr/particle_vertex_shader.hpp; sourceTree = "<group>"; };
		41D14D4225492FB200290ACA /* static_mesh_vertex_shader.hpp */ = {isa = PBXFileReference; fileEncoding = 4; lastKnownFileType = sourcecode.cpp.h; name = static_mesh_vertex_shader.hpp; path = shdr/static_mesh_vertex_shader.hpp; sourceTree = "<group>"; };
		41D14D4325492FB200290ACA /* skybox_vertex_shader.hpp */ = {isa = PBXFileReference; fileEncoding = 4; lastKnownFileType = sourcecode.cpp.h; name = skybox_vertex_shader.hpp; path = shdr/skybox_vertex_shader.hpp; sourceTree = "<group>"; };
		41D14D4425492FB200290ACA /* dynamic_mesh_pixel_shader.hpp */ = {isa = PBXFileReference; fileEncoding = 4; lastKnownFileType = sourcecode.cpp.h; name = dynamic_mesh_pixel_shader.hpp; path = shdr/dynamic_mesh_pixel_shader.hpp; sourceTree = "<group>"; };
		41D14D4525492FB200290ACA /* particle_pixel_shader.hpp */ = {isa = PBXFileReference; fileEncoding = 4; lastKnownFileType = sourcecode.cpp.h; name = particle_pixel_shader.hpp; path = shdr/particle_pixel_shader.hpp; sourceTree = "<group>"; };
		41D14D4625492FB200290ACA /* static_mesh_pixel_shader.hpp */ = {isa = PBXFileReference; fileEncoding = 4; lastKnownFileType = sourcecode.cpp.h; name = static_mesh_pixel_shader.hpp; path = shdr/static_mesh_pixel_shader.hpp; sourceTree = "<group>"; };
		41D14D4725492FB200290ACA /* dynamic_mesh_vertex_shader.hpp */ = {isa = PBXFileReference; fileEncoding = 4; lastKnownFileType = sourcecode.cpp.h; name = dynamic_mesh_vertex_shader.hpp; path = shdr/dynamic_mesh_vertex_shader.hpp; sourceTree = "<group>"; };
		41D14D4825492FB200290ACA /* frame_pixel_shader.hpp */ = {isa = PBXFileReference; fileEncoding = 4; lastKnownFileType = sourcecode.cpp.h; name = frame_pixel_shader.hpp; path = shdr/frame_pixel_shader.hpp; sourceTree = "<group>"; };
		41D14D4925492FB300290ACA /* gaussian_blur_vertex_shader.hpp */ = {isa = PBXFileReference; fileEncoding = 4; lastKnownFileType = sourcecode.cpp.h; name = gaussian_blur_vertex_shader.hpp; path = shdr/gaussian_blur_vertex_shader.hpp; sourceTree = "<group>"; };
		41D14D4A25492FB300290ACA /* sprite_pixel_shader.hpp */ = {isa = PBXFileReference; fileEncoding = 4; lastKnownFileType = sourcecode.cpp.h; name = sprite_pixel_shader.hpp; path = shdr/sprite_pixel_shader.hpp; sourceTree = "<group>"; };
		41D14D4B25492FB300290ACA /* skybox_pixel_shader.hpp */ = {isa = PBXFileReference; fileEncoding = 4; lastKnownFileType = sourcecode.cpp.h; name = skybox_pixel_shader.hpp; path = shdr/skybox_pixel_shader.hpp; sourceTree = "<group>"; };
/* End PBXFileReference section */

/* Begin PBXFrameworksBuildPhase section */
		417437D325492EC5001F7025 /* Frameworks */ = {
			isa = PBXFrameworksBuildPhase;
			buildActionMask = 2147483647;
			files = (
			);
			runOnlyForDeploymentPostprocessing = 0;
		};
/* End PBXFrameworksBuildPhase section */

/* Begin PBXGroup section */
		417437CC25492EC5001F7025 = {
			isa = PBXGroup;
			children = (
				41B10A95254930CF00E656B2 /* Frameworks */,
				41D14C6F25492F7F00290ACA /* Headers */,
				417437D625492EC5001F7025 /* Products */,
				41D14D3D25492FA700290ACA /* Shaders */,
				41D14C7025492F8500290ACA /* Sources */,
			);
			sourceTree = "<group>";
		};
		417437D625492EC5001F7025 /* Products */ = {
			isa = PBXGroup;
			children = (
				417437D525492EC5001F7025 /* GKit.lib */,
			);
			name = Products;
			sourceTree = "<group>";
		};
		41B10A95254930CF00E656B2 /* Frameworks */ = {
			isa = PBXGroup;
			children = (
				41B10A96254930CF00E656B2 /* SDL2.framework */,
			);
			name = Frameworks;
			sourceTree = "<group>";
		};
		41D14C6F25492F7F00290ACA /* Headers */ = {
			isa = PBXGroup;
			children = (
				41BBEA342597BBE200CF68C5 /* aabb_collider.hpp */,
				41BBEA432597BBE300CF68C5 /* bitmap.hpp */,
				41BBEA2A2597BBE100CF68C5 /* blur_shader.hpp */,
				41BBEA202597BBE100CF68C5 /* bmp_reader.hpp */,
				41BBEA472597BBE300CF68C5 /* bone.hpp */,
				41BBEA452597BBE300CF68C5 /* camera_2d.hpp */,
				41BBEA2B2597BBE100CF68C5 /* camera_3d.hpp */,
				41BBEA302597BBE200CF68C5 /* clock.hpp */,
				41BBEA3B2597BBE200CF68C5 /* collada_format.hpp */,
				41BBEA462597BBE300CF68C5 /* collada_importer.hpp */,
				41BBEA1F2597BBE100CF68C5 /* collada_parser.hpp */,
				41BBEA4C2597BBE300CF68C5 /* config.hpp */,
				41BBEA3C2597BBE200CF68C5 /* context.hpp */,
				41BBEA212597BBE100CF68C5 /* cubemap.hpp */,
				41BBEA372597BBE200CF68C5 /* data_types.hpp */,
				41BBEA362597BBE200CF68C5 /* debug_draw_interface.hpp */,
				41BBEA492597BBE300CF68C5 /* debug_drawer.hpp */,
				41BBEA512597BBE300CF68C5 /* dynamic_mesh_renderer.hpp */,
				41BBEA252597BBE100CF68C5 /* dynamic_mesh.hpp */,
				41BBEA4B2597BBE300CF68C5 /* file.hpp */,
				41BBEA2E2597BBE200CF68C5 /* filesystem.hpp */,
				41BBEA242597BBE100CF68C5 /* frame_renderer.hpp */,
				41BBEA3F2597BBE300CF68C5 /* framebuffer.hpp */,
				41BBEA2F2597BBE200CF68C5 /* frustum.hpp */,
				41BBEA502597BBE300CF68C5 /* graphics.hpp */,
				41BBEA312597BBE200CF68C5 /* matrix.hpp */,
				41BBEA322597BBE200CF68C5 /* mdl_format.hpp */,
				41BBEA262597BBE100CF68C5 /* mdl_importer.hpp */,
				41BBEA422597BBE300CF68C5 /* mesh_data.hpp */,
				41BBEA352597BBE200CF68C5 /* mesh_util.hpp */,
				41BBEA1D2597BBE100CF68C5 /* mesh.hpp */,
				41BBEA272597BBE100CF68C5 /* node.hpp */,
				41BBEA482597BBE300CF68C5 /* particle_array.hpp */,
				41BBEA1C2597BBE000CF68C5 /* particle_renderer_3d.hpp */,
				41BBEA4D2597BBE300CF68C5 /* particle.hpp */,
				41BBEA382597BBE200CF68C5 /* quad.hpp */,
				41BBEA292597BBE100CF68C5 /* random.hpp */,
				41BBEA282597BBE100CF68C5 /* render_buffer.hpp */,
				41BBEA3A2597BBE200CF68C5 /* shader.hpp */,
				41BBEA442597BBE300CF68C5 /* skybox_renderer.hpp */,
				41BBEA1A2597BBE000CF68C5 /* skybox.hpp */,
				41BBEA412597BBE300CF68C5 /* sprite_renderer.hpp */,
				41BBEA402597BBE300CF68C5 /* sprite.hpp */,
				41BBEA332597BBE200CF68C5 /* static_mesh_renderer.hpp */,
				41BBEA2C2597BBE100CF68C5 /* static_mesh.hpp */,
				41BBEA2D2597BBE200CF68C5 /* string_buffer.hpp */,
				41BBEA4E2597BBE300CF68C5 /* string.hpp */,
				41BBEA232597BBE100CF68C5 /* sun.hpp */,
				41BBEA4A2597BBE300CF68C5 /* texture_manager.hpp */,
				41BBEA222597BBE100CF68C5 /* texture.hpp */,
				41BBEA392597BBE200CF68C5 /* tga_reader.hpp */,
				41BBEA522597BBE300CF68C5 /* transform_2d.hpp */,
				41BBEA1B2597BBE000CF68C5 /* transform_3d.hpp */,
				41BBEA4F2597BBE300CF68C5 /* vertex_array.hpp */,
				41BBEA1E2597BBE100CF68C5 /* vertex_buffer.hpp */,
				41BBEA3D2597BBE200CF68C5 /* view.hpp */,
				41BBEA3E2597BBE200CF68C5 /* xml.hpp */,
			);
			name = Headers;
			sourceTree = "<group>";
		};
		41D14C7025492F8500290ACA /* Sources */ = {
			isa = PBXGroup;
			children = (
				41BBE9D42597BBD200CF68C5 /* bitmap.cpp */,
				41BBE9E02597BBD300CF68C5 /* blur_shader.cpp */,
				41BBE9CF2597BBD200CF68C5 /* bmp_reader.cpp */,
				41BBE9B52597BBD100CF68C5 /* bone.cpp */,
				41BBE9B92597BBD100CF68C5 /* camera_2d.cpp */,
				41BBE9D02597BBD200CF68C5 /* camera_3d.cpp */,
				41BBE9E42597BBD300CF68C5 /* clock.cpp */,
				41BBE9C52597BBD100CF68C5 /* collada_format.cpp */,
				41BBE9C02597BBD100CF68C5 /* collada_importer.cpp */,
				41BBE9CC2597BBD200CF68C5 /* collada_parser.cpp */,
				41D14D0425492FA400290ACA /* context.cpp */,
				41BBE9E32597BBD300CF68C5 /* cubemap.cpp */,
				41BBE9CA2597BBD200CF68C5 /* debug_draw_interface.cpp */,
				41BBE9CD2597BBD200CF68C5 /* debug_drawer.cpp */,
				41BBE9E12597BBD300CF68C5 /* dynamic_mesh_renderer.cpp */,
				41BBE9D82597BBD200CF68C5 /* dynamic_mesh.cpp */,
				41BBE9BA2597BBD100CF68C5 /* file.cpp */,
				41BBE9B72597BBD100CF68C5 /* filesystem.cpp */,
				41BBE9BD2597BBD100CF68C5 /* frame_renderer.cpp */,
				41BBE9D22597BBD200CF68C5 /* framebuffer.cpp */,
				41BBE9C42597BBD100CF68C5 /* frustum.cpp */,
				41BBE9E62597BBD300CF68C5 /* graphics.cpp */,
				41BBE9CB2597BBD200CF68C5 /* matrix.cpp */,
				41BBE9DC2597BBD300CF68C5 /* mdl_importer.cpp */,
				41BBE9E22597BBD300CF68C5 /* mesh_data.cpp */,
				41BBE9DA2597BBD300CF68C5 /* mesh_util.cpp */,
				41BBE9C12597BBD100CF68C5 /* mesh.cpp */,
				41BBE9C82597BBD100CF68C5 /* node.cpp */,
				41BBE9DE2597BBD300CF68C5 /* particle_array.cpp */,
				41BBE9D32597BBD200CF68C5 /* particle_renderer_3d.cpp */,
				41BBE9E52597BBD300CF68C5 /* quad.cpp */,
				41BBE9DB2597BBD300CF68C5 /* random.cpp */,
				41BBE9DF2597BBD300CF68C5 /* render_buffer.cpp */,
				41BBE9CE2597BBD200CF68C5 /* shader.cpp */,
				41BBE9DD2597BBD300CF68C5 /* skybox_renderer.cpp */,
				41BBE9B82597BBD100CF68C5 /* skybox.cpp */,
				41BBE9BE2597BBD100CF68C5 /* sprite_renderer.cpp */,
				41BBE9C72597BBD100CF68C5 /* sprite.cpp */,
				41BBE9D52597BBD200CF68C5 /* static_mesh_renderer.cpp */,
				41BBE9D62597BBD200CF68C5 /* static_mesh.cpp */,
				41BBE9D92597BBD200CF68C5 /* string_buffer.cpp */,
				41BBE9C22597BBD100CF68C5 /* sun.cpp */,
				41BBE9B62597BBD100CF68C5 /* texture_manager.cpp */,
				41BBE9BC2597BBD100CF68C5 /* texture.cpp */,
				41BBE9D72597BBD200CF68C5 /* tga_reader.cpp */,
				41BBE9C62597BBD100CF68C5 /* transform_2d.cpp */,
				41BBE9C32597BBD100CF68C5 /* transform_3d.cpp */,
				41BBE9BB2597BBD100CF68C5 /* vertex_array.cpp */,
				41BBE9BF2597BBD100CF68C5 /* vertex_buffer.cpp */,
				41BBE9D12597BBD200CF68C5 /* view.cpp */,
				41BBE9C92597BBD200CF68C5 /* xml.cpp */,
			);
			name = Sources;
			sourceTree = "<group>";
		};
		41D14D3D25492FA700290ACA /* Shaders */ = {
			isa = PBXGroup;
			children = (
				41D14D4425492FB200290ACA /* dynamic_mesh_pixel_shader.hpp */,
				41D14D4725492FB200290ACA /* dynamic_mesh_vertex_shader.hpp */,
				41D14D4825492FB200290ACA /* frame_pixel_shader.hpp */,
				41D14D3F25492FB200290ACA /* frame_vertex_shader.hpp */,
				41383B4A257B2CE600597BA9 /* frustum.cpp */,
				41D14D4025492FB200290ACA /* gaussian_blur_pixel_shader.hpp */,
				41D14D4925492FB300290ACA /* gaussian_blur_vertex_shader.hpp */,
				41D14D4525492FB200290ACA /* particle_pixel_shader.hpp */,
				41D14D4125492FB200290ACA /* particle_vertex_shader.hpp */,
				41D14D4B25492FB300290ACA /* skybox_pixel_shader.hpp */,
				41D14D4325492FB200290ACA /* skybox_vertex_shader.hpp */,
				41D14D4A25492FB300290ACA /* sprite_pixel_shader.hpp */,
				41D14D3E25492FB200290ACA /* sprite_vertex_shader.hpp */,
				41D14D4625492FB200290ACA /* static_mesh_pixel_shader.hpp */,
				41D14D4225492FB200290ACA /* static_mesh_vertex_shader.hpp */,
			);
			name = Shaders;
			sourceTree = "<group>";
		};
/* End PBXGroup section */

/* Begin PBXHeadersBuildPhase section */
		417437D125492EC5001F7025 /* Headers */ = {
			isa = PBXHeadersBuildPhase;
			buildActionMask = 2147483647;
			files = (
				41BBEA532597BBE300CF68C5 /* skybox.hpp in Headers */,
				41D14D4D25492FB300290ACA /* frame_vertex_shader.hpp in Headers */,
				41BBEA642597BBE300CF68C5 /* camera_3d.hpp in Headers */,
				41D14D4C25492FB300290ACA /* sprite_vertex_shader.hpp in Headers */,
				41BBEA5C2597BBE300CF68C5 /* sun.hpp in Headers */,
				41BBEA7C2597BBE300CF68C5 /* bitmap.hpp in Headers */,
				41D14D5725492FB300290ACA /* gaussian_blur_vertex_shader.hpp in Headers */,
				41BBEA5B2597BBE300CF68C5 /* texture.hpp in Headers */,
				41D14D4F25492FB300290ACA /* particle_vertex_shader.hpp in Headers */,
				41BBEA822597BBE300CF68C5 /* debug_drawer.hpp in Headers */,
				41D14D5825492FB300290ACA /* sprite_pixel_shader.hpp in Headers */,
				41BBEA732597BBE300CF68C5 /* shader.hpp in Headers */,
				41BBEA752597BBE300CF68C5 /* context.hpp in Headers */,
				41D14D4E25492FB300290ACA /* gaussian_blur_pixel_shader.hpp in Headers */,
				41BBEA882597BBE400CF68C5 /* vertex_array.hpp in Headers */,
				41BBEA622597BBE300CF68C5 /* random.hpp in Headers */,
				41BBEA662597BBE300CF68C5 /* string_buffer.hpp in Headers */,
				41BBEA7E2597BBE300CF68C5 /* camera_2d.hpp in Headers */,
				41BBEA572597BBE300CF68C5 /* vertex_buffer.hpp in Headers */,
				41BBEA812597BBE300CF68C5 /* particle_array.hpp in Headers */,
				41BBEA832597BBE300CF68C5 /* texture_manager.hpp in Headers */,
				41BBEA632597BBE300CF68C5 /* blur_shader.hpp in Headers */,
				41BBEA802597BBE300CF68C5 /* bone.hpp in Headers */,
				41BBEA872597BBE400CF68C5 /* string.hpp in Headers */,
				41BBEA672597BBE300CF68C5 /* filesystem.hpp in Headers */,
				41BBEA5A2597BBE300CF68C5 /* cubemap.hpp in Headers */,
				41BBEA7B2597BBE300CF68C5 /* mesh_data.hpp in Headers */,
				41BBEA692597BBE300CF68C5 /* clock.hpp in Headers */,
				41BBEA582597BBE300CF68C5 /* collada_parser.hpp in Headers */,
				41D14D5525492FB300290ACA /* dynamic_mesh_vertex_shader.hpp in Headers */,
				41BBEA542597BBE300CF68C5 /* transform_3d.hpp in Headers */,
				41D14D5225492FB300290ACA /* dynamic_mesh_pixel_shader.hpp in Headers */,
				41BBEA842597BBE300CF68C5 /* file.hpp in Headers */,
				41BBEA5E2597BBE300CF68C5 /* dynamic_mesh.hpp in Headers */,
				41BBEA7F2597BBE300CF68C5 /* collada_importer.hpp in Headers */,
				41BBEA612597BBE300CF68C5 /* render_buffer.hpp in Headers */,
				41BBEA8A2597BBE400CF68C5 /* dynamic_mesh_renderer.hpp in Headers */,
				41D14D5025492FB300290ACA /* static_mesh_vertex_shader.hpp in Headers */,
				41D14D5325492FB300290ACA /* particle_pixel_shader.hpp in Headers */,
				41BBEA6A2597BBE300CF68C5 /* matrix.hpp in Headers */,
				41BBEA702597BBE300CF68C5 /* data_types.hpp in Headers */,
				41D14D5425492FB300290ACA /* static_mesh_pixel_shader.hpp in Headers */,
				41BBEA782597BBE300CF68C5 /* framebuffer.hpp in Headers */,
				41BBEA8B2597BBE400CF68C5 /* transform_2d.hpp in Headers */,
				41BBEA592597BBE300CF68C5 /* bmp_reader.hpp in Headers */,
				41BBEA602597BBE300CF68C5 /* node.hpp in Headers */,
				41BBEA6B2597BBE300CF68C5 /* mdl_format.hpp in Headers */,
				41BBEA762597BBE300CF68C5 /* view.hpp in Headers */,
				41BBEA742597BBE300CF68C5 /* collada_format.hpp in Headers */,
				41BBEA5F2597BBE300CF68C5 /* mdl_importer.hpp in Headers */,
				41BBEA792597BBE300CF68C5 /* sprite.hpp in Headers */,
				41BBEA7D2597BBE300CF68C5 /* skybox_renderer.hpp in Headers */,
				41BBEA862597BBE300CF68C5 /* particle.hpp in Headers */,
				41D14D5125492FB300290ACA /* skybox_vertex_shader.hpp in Headers */,
				41BBEA712597BBE300CF68C5 /* quad.hpp in Headers */,
				41BBEA6C2597BBE300CF68C5 /* static_mesh_renderer.hpp in Headers */,
				41BBEA5D2597BBE300CF68C5 /* frame_renderer.hpp in Headers */,
				41BBEA652597BBE300CF68C5 /* static_mesh.hpp in Headers */,
				41BBEA6D2597BBE300CF68C5 /* aabb_collider.hpp in Headers */,
				41BBEA892597BBE400CF68C5 /* graphics.hpp in Headers */,
				41BBEA552597BBE300CF68C5 /* particle_renderer_3d.hpp in Headers */,
				41BBEA6E2597BBE300CF68C5 /* mesh_util.hpp in Headers */,
				41BBEA562597BBE300CF68C5 /* mesh.hpp in Headers */,
				41BBEA6F2597BBE300CF68C5 /* debug_draw_interface.hpp in Headers */,
				41BBEA722597BBE300CF68C5 /* tga_reader.hpp in Headers */,
				41D14D5625492FB300290ACA /* frame_pixel_shader.hpp in Headers */,
				41BBEA772597BBE300CF68C5 /* xml.hpp in Headers */,
				41D14D5925492FB300290ACA /* skybox_pixel_shader.hpp in Headers */,
				41BBEA7A2597BBE300CF68C5 /* sprite_renderer.hpp in Headers */,
				41BBEA682597BBE300CF68C5 /* frustum.hpp in Headers */,
				41BBEA852597BBE300CF68C5 /* config.hpp in Headers */,
			);
			runOnlyForDeploymentPostprocessing = 0;
		};
/* End PBXHeadersBuildPhase section */

/* Begin PBXNativeTarget section */
		417437D425492EC5001F7025 /* GKit */ = {
			isa = PBXNativeTarget;
			buildConfigurationList = 417437D925492EC5001F7025 /* Build configuration list for PBXNativeTarget "GKit" */;
			buildPhases = (
				417437D125492EC5001F7025 /* Headers */,
				417437D225492EC5001F7025 /* Sources */,
				417437D325492EC5001F7025 /* Frameworks */,
			);
			buildRules = (
			);
			dependencies = (
			);
			name = GKit;
			productName = GKit;
			productReference = 417437D525492EC5001F7025 /* GKit.lib */;
			productType = "com.apple.product-type.library.static";
		};
/* End PBXNativeTarget section */

/* Begin PBXProject section */
		417437CD25492EC5001F7025 /* Project object */ = {
			isa = PBXProject;
			attributes = {
				LastUpgradeCheck = 1210;
				TargetAttributes = {
					417437D425492EC5001F7025 = {
						CreatedOnToolsVersion = 12.1;
					};
				};
			};
			buildConfigurationList = 417437D025492EC5001F7025 /* Build configuration list for PBXProject "GKit" */;
			compatibilityVersion = "Xcode 9.3";
			developmentRegion = en;
			hasScannedForEncodings = 0;
			knownRegions = (
				en,
				Base,
			);
			mainGroup = 417437CC25492EC5001F7025;
			productRefGroup = 417437D625492EC5001F7025 /* Products */;
			projectDirPath = "";
			projectRoot = "";
			targets = (
				417437D425492EC5001F7025 /* GKit */,
			);
		};
/* End PBXProject section */

/* Begin PBXSourcesBuildPhase section */
		417437D225492EC5001F7025 /* Sources */ = {
			isa = PBXSourcesBuildPhase;
			buildActionMask = 2147483647;
			files = (
				41BBE9F02597BBD300CF68C5 /* sprite_renderer.cpp in Sources */,
				41BBEA102597BBD300CF68C5 /* particle_array.cpp in Sources */,
				41BBEA082597BBD300CF68C5 /* static_mesh.cpp in Sources */,
				41BBEA132597BBD300CF68C5 /* dynamic_mesh_renderer.cpp in Sources */,
				41BBEA0A2597BBD300CF68C5 /* dynamic_mesh.cpp in Sources */,
				41BBEA0E2597BBD300CF68C5 /* mdl_importer.cpp in Sources */,
				41BBE9F72597BBD300CF68C5 /* collada_format.cpp in Sources */,
				41BBEA0D2597BBD300CF68C5 /* random.cpp in Sources */,
				41BBE9F12597BBD300CF68C5 /* vertex_buffer.cpp in Sources */,
				41BBE9FE2597BBD300CF68C5 /* collada_parser.cpp in Sources */,
				41BBE9EF2597BBD300CF68C5 /* frame_renderer.cpp in Sources */,
				41BBE9F52597BBD300CF68C5 /* transform_3d.cpp in Sources */,
				41BBE9EA2597BBD300CF68C5 /* skybox.cpp in Sources */,
				41BBEA072597BBD300CF68C5 /* static_mesh_renderer.cpp in Sources */,
				41BBEA092597BBD300CF68C5 /* tga_reader.cpp in Sources */,
				41BBE9FC2597BBD300CF68C5 /* debug_draw_interface.cpp in Sources */,
				41BBEA032597BBD300CF68C5 /* view.cpp in Sources */,
				41BBEA052597BBD300CF68C5 /* particle_renderer_3d.cpp in Sources */,
				41BBEA0F2597BBD300CF68C5 /* skybox_renderer.cpp in Sources */,
				41BBE9F22597BBD300CF68C5 /* collada_importer.cpp in Sources */,
				41BBE9FD2597BBD300CF68C5 /* matrix.cpp in Sources */,
				41BBE9E92597BBD300CF68C5 /* filesystem.cpp in Sources */,
				41BBE9F42597BBD300CF68C5 /* sun.cpp in Sources */,
				41BBE9F32597BBD300CF68C5 /* mesh.cpp in Sources */,
				41BBEA112597BBD300CF68C5 /* render_buffer.cpp in Sources */,
				41BBE9F62597BBD300CF68C5 /* frustum.cpp in Sources */,
				41BBE9FA2597BBD300CF68C5 /* node.cpp in Sources */,
				41BBE9EC2597BBD300CF68C5 /* file.cpp in Sources */,
				41BBEA172597BBD300CF68C5 /* quad.cpp in Sources */,
				41BBEA0C2597BBD300CF68C5 /* mesh_util.cpp in Sources */,
				41BBE9EE2597BBD300CF68C5 /* texture.cpp in Sources */,
				41BBEA122597BBD300CF68C5 /* blur_shader.cpp in Sources */,
				41BBEA022597BBD300CF68C5 /* camera_3d.cpp in Sources */,
				41BBE9F82597BBD300CF68C5 /* transform_2d.cpp in Sources */,
				41BBE9F92597BBD300CF68C5 /* sprite.cpp in Sources */,
				41BBE9EB2597BBD300CF68C5 /* camera_2d.cpp in Sources */,
				41BBEA012597BBD300CF68C5 /* bmp_reader.cpp in Sources */,
				41BBEA0B2597BBD300CF68C5 /* string_buffer.cpp in Sources */,
				41BBEA182597BBD300CF68C5 /* graphics.cpp in Sources */,
				41BBE9FB2597BBD300CF68C5 /* xml.cpp in Sources */,
				41BBEA002597BBD300CF68C5 /* shader.cpp in Sources */,
				41D14D3425492FA500290ACA /* context.cpp in Sources */,
				41BBE9ED2597BBD300CF68C5 /* vertex_array.cpp in Sources */,
				41BBEA152597BBD300CF68C5 /* cubemap.cpp in Sources */,
				41BBE9E82597BBD300CF68C5 /* texture_manager.cpp in Sources */,
				41BBE9FF2597BBD300CF68C5 /* debug_drawer.cpp in Sources */,
				41BBEA162597BBD300CF68C5 /* clock.cpp in Sources */,
				41BBEA142597BBD300CF68C5 /* mesh_data.cpp in Sources */,
				41BBEA042597BBD300CF68C5 /* framebuffer.cpp in Sources */,
				41BBEA062597BBD300CF68C5 /* bitmap.cpp in Sources */,
				41BBE9E72597BBD300CF68C5 /* bone.cpp in Sources */,
			);
			runOnlyForDeploymentPostprocessing = 0;
		};
/* End PBXSourcesBuildPhase section */

/* Begin XCBuildConfiguration section */
		417437D725492EC5001F7025 /* Debug */ = {
			isa = XCBuildConfiguration;
			buildSettings = {
				ALWAYS_SEARCH_USER_PATHS = NO;
				CLANG_ANALYZER_NONNULL = YES;
				CLANG_ANALYZER_NUMBER_OBJECT_CONVERSION = YES_AGGRESSIVE;
				CLANG_CXX_LANGUAGE_STANDARD = "gnu++14";
				CLANG_CXX_LIBRARY = "libc++";
				CLANG_ENABLE_MODULES = YES;
				CLANG_ENABLE_OBJC_ARC = YES;
				CLANG_ENABLE_OBJC_WEAK = YES;
				CLANG_WARN_BLOCK_CAPTURE_AUTORELEASING = YES;
				CLANG_WARN_BOOL_CONVERSION = YES;
				CLANG_WARN_COMMA = YES;
				CLANG_WARN_CONSTANT_CONVERSION = YES;
				CLANG_WARN_DEPRECATED_OBJC_IMPLEMENTATIONS = YES;
				CLANG_WARN_DIRECT_OBJC_ISA_USAGE = YES_ERROR;
				CLANG_WARN_DOCUMENTATION_COMMENTS = YES;
				CLANG_WARN_EMPTY_BODY = YES;
				CLANG_WARN_ENUM_CONVERSION = YES;
				CLANG_WARN_INFINITE_RECURSION = YES;
				CLANG_WARN_INT_CONVERSION = YES;
				CLANG_WARN_NON_LITERAL_NULL_CONVERSION = YES;
				CLANG_WARN_OBJC_IMPLICIT_RETAIN_SELF = YES;
				CLANG_WARN_OBJC_LITERAL_CONVERSION = YES;
				CLANG_WARN_OBJC_ROOT_CLASS = YES_ERROR;
				CLANG_WARN_QUOTED_INCLUDE_IN_FRAMEWORK_HEADER = YES;
				CLANG_WARN_RANGE_LOOP_ANALYSIS = YES;
				CLANG_WARN_STRICT_PROTOTYPES = YES;
				CLANG_WARN_SUSPICIOUS_MOVE = YES;
				CLANG_WARN_UNGUARDED_AVAILABILITY = YES_AGGRESSIVE;
				CLANG_WARN_UNREACHABLE_CODE = YES;
				CLANG_WARN__DUPLICATE_METHOD_MATCH = YES;
				COPY_PHASE_STRIP = NO;
				DEBUG_INFORMATION_FORMAT = dwarf;
				ENABLE_STRICT_OBJC_MSGSEND = YES;
				ENABLE_TESTABILITY = YES;
				GCC_C_LANGUAGE_STANDARD = gnu11;
				GCC_DYNAMIC_NO_PIC = NO;
				GCC_NO_COMMON_BLOCKS = YES;
				GCC_OPTIMIZATION_LEVEL = 0;
				GCC_PREPROCESSOR_DEFINITIONS = (
					"DEBUG=1",
					"$(inherited)",
				);
				GCC_WARN_64_TO_32_BIT_CONVERSION = YES;
				GCC_WARN_ABOUT_RETURN_TYPE = YES_ERROR;
				GCC_WARN_UNDECLARED_SELECTOR = YES;
				GCC_WARN_UNINITIALIZED_AUTOS = YES_AGGRESSIVE;
				GCC_WARN_UNUSED_FUNCTION = YES;
				GCC_WARN_UNUSED_VARIABLE = YES;
				MACOSX_DEPLOYMENT_TARGET = 10.15;
				MTL_ENABLE_DEBUG_INFO = INCLUDE_SOURCE;
				MTL_FAST_MATH = YES;
				ONLY_ACTIVE_ARCH = YES;
				SDKROOT = macosx;
			};
			name = Debug;
		};
		417437D825492EC5001F7025 /* Release */ = {
			isa = XCBuildConfiguration;
			buildSettings = {
				ALWAYS_SEARCH_USER_PATHS = NO;
				CLANG_ANALYZER_NONNULL = YES;
				CLANG_ANALYZER_NUMBER_OBJECT_CONVERSION = YES_AGGRESSIVE;
				CLANG_CXX_LANGUAGE_STANDARD = "gnu++14";
				CLANG_CXX_LIBRARY = "libc++";
				CLANG_ENABLE_MODULES = YES;
				CLANG_ENABLE_OBJC_ARC = YES;
				CLANG_ENABLE_OBJC_WEAK = YES;
				CLANG_WARN_BLOCK_CAPTURE_AUTORELEASING = YES;
				CLANG_WARN_BOOL_CONVERSION = YES;
				CLANG_WARN_COMMA = YES;
				CLANG_WARN_CONSTANT_CONVERSION = YES;
				CLANG_WARN_DEPRECATED_OBJC_IMPLEMENTATIONS = YES;
				CLANG_WARN_DIRECT_OBJC_ISA_USAGE = YES_ERROR;
				CLANG_WARN_DOCUMENTATION_COMMENTS = YES;
				CLANG_WARN_EMPTY_BODY = YES;
				CLANG_WARN_ENUM_CONVERSION = YES;
				CLANG_WARN_INFINITE_RECURSION = YES;
				CLANG_WARN_INT_CONVERSION = YES;
				CLANG_WARN_NON_LITERAL_NULL_CONVERSION = YES;
				CLANG_WARN_OBJC_IMPLICIT_RETAIN_SELF = YES;
				CLANG_WARN_OBJC_LITERAL_CONVERSION = YES;
				CLANG_WARN_OBJC_ROOT_CLASS = YES_ERROR;
				CLANG_WARN_QUOTED_INCLUDE_IN_FRAMEWORK_HEADER = YES;
				CLANG_WARN_RANGE_LOOP_ANALYSIS = YES;
				CLANG_WARN_STRICT_PROTOTYPES = YES;
				CLANG_WARN_SUSPICIOUS_MOVE = YES;
				CLANG_WARN_UNGUARDED_AVAILABILITY = YES_AGGRESSIVE;
				CLANG_WARN_UNREACHABLE_CODE = YES;
				CLANG_WARN__DUPLICATE_METHOD_MATCH = YES;
				COPY_PHASE_STRIP = NO;
				DEBUG_INFORMATION_FORMAT = "dwarf-with-dsym";
				ENABLE_NS_ASSERTIONS = NO;
				ENABLE_STRICT_OBJC_MSGSEND = YES;
				GCC_C_LANGUAGE_STANDARD = gnu11;
				GCC_NO_COMMON_BLOCKS = YES;
				GCC_WARN_64_TO_32_BIT_CONVERSION = YES;
				GCC_WARN_ABOUT_RETURN_TYPE = YES_ERROR;
				GCC_WARN_UNDECLARED_SELECTOR = YES;
				GCC_WARN_UNINITIALIZED_AUTOS = YES_AGGRESSIVE;
				GCC_WARN_UNUSED_FUNCTION = YES;
				GCC_WARN_UNUSED_VARIABLE = YES;
				MACOSX_DEPLOYMENT_TARGET = 10.15;
				MTL_ENABLE_DEBUG_INFO = NO;
				MTL_FAST_MATH = YES;
				SDKROOT = macosx;
			};
			name = Release;
		};
		417437DA25492EC5001F7025 /* Debug */ = {
			isa = XCBuildConfiguration;
			buildSettings = {
				CODE_SIGN_STYLE = Automatic;
				EXECUTABLE_EXTENSION = lib;
				EXECUTABLE_PREFIX = "";
				FRAMEWORK_SEARCH_PATHS = (
					"$(inherited)",
					"$(LOCAL_LIBRARY_DIR)/Frameworks",
				);
				HEADER_SEARCH_PATHS = (
					"${PROJECT_DIR}/inc",
					/usr/local/include,
				);
				PRODUCT_NAME = "$(TARGET_NAME)";
				SKIP_INSTALL = YES;
			};
			name = Debug;
		};
		417437DB25492EC5001F7025 /* Release */ = {
			isa = XCBuildConfiguration;
			buildSettings = {
				CODE_SIGN_STYLE = Automatic;
				EXECUTABLE_EXTENSION = lib;
				EXECUTABLE_PREFIX = "";
				FRAMEWORK_SEARCH_PATHS = (
					"$(inherited)",
					"$(LOCAL_LIBRARY_DIR)/Frameworks",
				);
				HEADER_SEARCH_PATHS = (
					"${PROJECT_DIR}/inc",
					/usr/local/include,
				);
				PRODUCT_NAME = "$(TARGET_NAME)";
				SKIP_INSTALL = YES;
			};
			name = Release;
		};
/* End XCBuildConfiguration section */

/* Begin XCConfigurationList section */
		417437D025492EC5001F7025 /* Build configuration list for PBXProject "GKit" */ = {
			isa = XCConfigurationList;
			buildConfigurations = (
				417437D725492EC5001F7025 /* Debug */,
				417437D825492EC5001F7025 /* Release */,
			);
			defaultConfigurationIsVisible = 0;
			defaultConfigurationName = Release;
		};
		417437D925492EC5001F7025 /* Build configuration list for PBXNativeTarget "GKit" */ = {
			isa = XCConfigurationList;
			buildConfigurations = (
				417437DA25492EC5001F7025 /* Debug */,
				417437DB25492EC5001F7025 /* Release */,
			);
			defaultConfigurationIsVisible = 0;
			defaultConfigurationName = Release;
		};
/* End XCConfigurationList section */
	};
	rootObject = 417437CD25492EC5001F7025 /* Project object */;
}
