<?xml version="1.0" encoding="utf-8"?>
<Project ToolsVersion="4.0" xmlns="http://schemas.microsoft.com/developer/msbuild/2003">
  <ItemGroup>
    <Filter Include="Include Files">
      <UniqueIdentifier>{8b35f802-0efa-4398-ab96-6daed65a3088}</UniqueIdentifier>
    </Filter>
    <Filter Include="Include Files\renderer">
      <UniqueIdentifier>{568829cd-7109-4fd7-9cee-1cb3b622a28e}</UniqueIdentifier>
    </Filter>
    <Filter Include="Source Files">
      <UniqueIdentifier>{e8ccc491-1c54-4924-9485-568256c3c2c4}</UniqueIdentifier>
    </Filter>
    <Filter Include="Source Files\renderer">
      <UniqueIdentifier>{cdf22938-2c8d-4f94-a3d3-6f6dce0307cb}</UniqueIdentifier>
    </Filter>
    <Filter Include="Shaders">
      <UniqueIdentifier>{5c22c12a-3156-43ee-8ca3-241a16f5ff9c}</UniqueIdentifier>
    </Filter>
  </ItemGroup>
  <ItemGroup>
    <ClCompile Include="src\debug_draw_interface.cpp">
      <Filter>Source Files</Filter>
    </ClCompile>
    <ClCompile Include="src\dynamic_mesh.cpp">
      <Filter>Source Files</Filter>
    </ClCompile>
    <ClCompile Include="src\mesh_util.cpp">
      <Filter>Source Files</Filter>
    </ClCompile>
    <ClCompile Include="src\node.cpp">
      <Filter>Source Files</Filter>
    </ClCompile>
    <ClCompile Include="src\skybox.cpp">
      <Filter>Source Files</Filter>
    </ClCompile>
    <ClCompile Include="src\sprite.cpp">
      <Filter>Source Files</Filter>
    </ClCompile>
    <ClCompile Include="src\static_mesh.cpp">
      <Filter>Source Files</Filter>
    </ClCompile>
    <ClCompile Include="src\sun.cpp">
      <Filter>Source Files</Filter>
    </ClCompile>
    <ClCompile Include="src\texture_manager.cpp">
      <Filter>Source Files</Filter>
    </ClCompile>
    <ClCompile Include="src\view.cpp">
      <Filter>Source Files</Filter>
    </ClCompile>
    <ClCompile Include="src\bone.cpp">
      <Filter>Source Files</Filter>
    </ClCompile>
    <ClCompile Include="src\camera_2d.cpp">
      <Filter>Source Files</Filter>
    </ClCompile>
    <ClCompile Include="src\camera_3d.cpp">
      <Filter>Source Files</Filter>
    </ClCompile>
    <ClCompile Include="src\renderer\dynamic_mesh_renderer.cpp">
      <Filter>Source Files\renderer</Filter>
    </ClCompile>
    <ClCompile Include="src\renderer\frame_renderer.cpp">
      <Filter>Source Files\renderer</Filter>
    </ClCompile>
    <ClCompile Include="src\renderer\particle_renderer_3d.cpp">
      <Filter>Source Files\renderer</Filter>
    </ClCompile>
    <ClCompile Include="src\renderer\skybox_renderer.cpp">
      <Filter>Source Files\renderer</Filter>
    </ClCompile>
    <ClCompile Include="src\renderer\sprite_renderer.cpp">
      <Filter>Source Files\renderer</Filter>
    </ClCompile>
    <ClCompile Include="src\renderer\static_mesh_renderer.cpp">
      <Filter>Source Files\renderer</Filter>
    </ClCompile>
    <ClCompile Include="src\renderer\blur_shader.cpp">
      <Filter>Source Files\renderer</Filter>
    </ClCompile>
    <ClCompile Include="src\renderer\debug_drawer.cpp">
      <Filter>Source Files\renderer</Filter>
    </ClCompile>
  </ItemGroup>
  <ItemGroup>
    <ClInclude Include="..\..\inc\gk\3d\camera_3d.hpp">
      <Filter>Include Files</Filter>
    </ClInclude>
    <ClInclude Include="..\..\inc\gk\3d\config.hpp">
      <Filter>Include Files</Filter>
    </ClInclude>
    <ClInclude Include="..\..\inc\gk\3d\debug_draw_interface.hpp">
      <Filter>Include Files</Filter>
    </ClInclude>
    <ClInclude Include="..\..\inc\gk\3d\dynamic_mesh.hpp">
      <Filter>Include Files</Filter>
    </ClInclude>
    <ClInclude Include="..\..\inc\gk\3d\mesh_util.hpp">
      <Filter>Include Files</Filter>
    </ClInclude>
    <ClInclude Include="..\..\inc\gk\3d\node.hpp">
      <Filter>Include Files</Filter>
    </ClInclude>
    <ClInclude Include="..\..\inc\gk\3d\skybox.hpp">
      <Filter>Include Files</Filter>
    </ClInclude>
    <ClInclude Include="..\..\inc\gk\3d\sprite.hpp">
      <Filter>Include Files</Filter>
    </ClInclude>
    <ClInclude Include="..\..\inc\gk\3d\static_mesh.hpp">
      <Filter>Include Files</Filter>
    </ClInclude>
    <ClInclude Include="..\..\inc\gk\3d\sun.hpp">
      <Filter>Include Files</Filter>
    </ClInclude>
    <ClInclude Include="..\..\inc\gk\3d\texture_manager.hpp">
      <Filter>Include Files</Filter>
    </ClInclude>
    <ClInclude Include="..\..\inc\gk\3d\view.hpp">
      <Filter>Include Files</Filter>
    </ClInclude>
    <ClInclude Include="..\..\inc\gk\3d\bone.hpp">
      <Filter>Include Files</Filter>
    </ClInclude>
    <ClInclude Include="..\..\inc\gk\3d\camera_2d.hpp">
      <Filter>Include Files</Filter>
    </ClInclude>
    <ClInclude Include="..\..\inc\gk\3d\renderer\frame_renderer.hpp">
      <Filter>Include Files\renderer</Filter>
    </ClInclude>
    <ClInclude Include="..\..\inc\gk\3d\renderer\particle_renderer_3d.hpp">
      <Filter>Include Files\renderer</Filter>
    </ClInclude>
    <ClInclude Include="..\..\inc\gk\3d\renderer\skybox_renderer.hpp">
      <Filter>Include Files\renderer</Filter>
    </ClInclude>
    <ClInclude Include="..\..\inc\gk\3d\renderer\sprite_renderer.hpp">
      <Filter>Include Files\renderer</Filter>
    </ClInclude>
    <ClInclude Include="..\..\inc\gk\3d\renderer\static_mesh_renderer.hpp">
      <Filter>Include Files\renderer</Filter>
    </ClInclude>
    <ClInclude Include="..\..\inc\gk\3d\renderer\blur_shader.hpp">
      <Filter>Include Files\renderer</Filter>
    </ClInclude>
    <ClInclude Include="..\..\inc\gk\3d\renderer\debug_drawer.hpp">
      <Filter>Include Files\renderer</Filter>
    </ClInclude>
    <ClInclude Include="..\..\inc\gk\3d\renderer\dynamic_mesh_renderer.hpp">
      <Filter>Include Files\renderer</Filter>
    </ClInclude>
    <ClInclude Include="shdr\debug_vertex_shader.hpp">
      <Filter>Shaders</Filter>
    </ClInclude>
    <ClInclude Include="shdr\dynamic_mesh_pixel_shader.hpp">
      <Filter>Shaders</Filter>
    </ClInclude>
    <ClInclude Include="shdr\dynamic_mesh_vertex_shader.hpp">
      <Filter>Shaders</Filter>
    </ClInclude>
    <ClInclude Include="shdr\frame_pixel_shader.hpp">
      <Filter>Shaders</Filter>
    </ClInclude>
    <ClInclude Include="shdr\frame_vertex_shader.hpp">
      <Filter>Shaders</Filter>
    </ClInclude>
    <ClInclude Include="shdr\gaussian_blur_pixel_shader.hpp">
      <Filter>Shaders</Filter>
    </ClInclude>
    <ClInclude Include="shdr\gaussian_blur_vertex_shader.hpp">
      <Filter>Shaders</Filter>
    </ClInclude>
    <ClInclude Include="shdr\particle_pixel_shader.hpp">
      <Filter>Shaders</Filter>
    </ClInclude>
    <ClInclude Include="shdr\particle_vertex_shader.hpp">
      <Filter>Shaders</Filter>
    </ClInclude>
    <ClInclude Include="shdr\skybox_pixel_shader.hpp">
      <Filter>Shaders</Filter>
    </ClInclude>
    <ClInclude Include="shdr\skybox_vertex_shader.hpp">
      <Filter>Shaders</Filter>
    </ClInclude>
    <ClInclude Include="shdr\sprite_pixel_shader.hpp">
      <Filter>Shaders</Filter>
    </ClInclude>
    <ClInclude Include="shdr\sprite_vertex_shader.hpp">
      <Filter>Shaders</Filter>
    </ClInclude>
    <ClInclude Include="shdr\static_mesh_pixel_shader.hpp">
      <Filter>Shaders</Filter>
    </ClInclude>
    <ClInclude Include="shdr\static_mesh_vertex_shader.hpp">
      <Filter>Shaders</Filter>
    </ClInclude>
    <ClInclude Include="shdr\debug_pixel_shader.hpp">
      <Filter>Shaders</Filter>
    </ClInclude>
  </ItemGroup>
</Project>